// !$*UTF8*$!
{
	archiveVersion = 1;
	classes = {
	};
	objectVersion = 46;
	objects = {

/* Begin PBXAggregateTarget section */
		570693911A02FAEA00182EA2 /* Framework */ = {
			isa = PBXAggregateTarget;
			buildConfigurationList = 570693921A02FAEA00182EA2 /* Build configuration list for PBXAggregateTarget "Framework" */;
			buildPhases = (
				570693971A02FB1200182EA2 /* MultiPlatform Build */,
			);
			dependencies = (
				570693961A02FB0800182EA2 /* PBXTargetDependency */,
			);
			name = Framework;
			productName = Framework;
		};
/* End PBXAggregateTarget section */

/* Begin PBXBuildFile section */
		5706938F1A02F8B200182EA2 /* WePay.h in Headers */ = {isa = PBXBuildFile; fileRef = 573054B71A02F4DD00EA5FEE /* WePay.h */; settings = {ATTRIBUTES = (Public, ); }; };
		570694011A0306FB00182EA2 /* SystemConfiguration.framework in Frameworks */ = {isa = PBXBuildFile; fileRef = 570694001A0306FB00182EA2 /* SystemConfiguration.framework */; };
		57178BA51A0ADD2000C03F13 /* WPPaymentInfo.h in Headers */ = {isa = PBXBuildFile; fileRef = 57178BA31A0ADD2000C03F13 /* WPPaymentInfo.h */; settings = {ATTRIBUTES = (Public, ); }; };
		57178BA61A0ADD2000C03F13 /* WPPaymentInfo.m in Sources */ = {isa = PBXBuildFile; fileRef = 57178BA41A0ADD2000C03F13 /* WPPaymentInfo.m */; };
		572711371AF05AAA00B45498 /* WPAddress.h in Headers */ = {isa = PBXBuildFile; fileRef = 572711351AF05AAA00B45498 /* WPAddress.h */; settings = {ATTRIBUTES = (Public, ); }; };
		572711381AF05AAA00B45498 /* WPAddress.m in Sources */ = {isa = PBXBuildFile; fileRef = 572711361AF05AAA00B45498 /* WPAddress.m */; };
		573054B81A02F4DD00EA5FEE /* WePay.h in CopyFiles */ = {isa = PBXBuildFile; fileRef = 573054B71A02F4DD00EA5FEE /* WePay.h */; };
		573054BA1A02F4DD00EA5FEE /* WePay.m in Sources */ = {isa = PBXBuildFile; fileRef = 573054B91A02F4DD00EA5FEE /* WePay.m */; };
		573054C01A02F4DD00EA5FEE /* libWePay.a in Frameworks */ = {isa = PBXBuildFile; fileRef = 573054B41A02F4DD00EA5FEE /* libWePay.a */; };
		574173FE1A3F8A4C00B73D95 /* WePay_Manual.h in Headers */ = {isa = PBXBuildFile; fileRef = 574173FC1A3F8A4B00B73D95 /* WePay_Manual.h */; };
		574173FF1A3F8A4C00B73D95 /* WePay_Manual.m in Sources */ = {isa = PBXBuildFile; fileRef = 574173FD1A3F8A4B00B73D95 /* WePay_Manual.m */; };
		574174021A3F8C5400B73D95 /* WPClient.h in Headers */ = {isa = PBXBuildFile; fileRef = 574174001A3F8C5400B73D95 /* WPClient.h */; };
		574174031A3F8C5400B73D95 /* WPClient.m in Sources */ = {isa = PBXBuildFile; fileRef = 574174011A3F8C5400B73D95 /* WPClient.m */; };
		574174121A4A5DE900B73D95 /* WPError.h in Headers */ = {isa = PBXBuildFile; fileRef = 574174101A4A5DE900B73D95 /* WPError.h */; settings = {ATTRIBUTES = (Public, ); }; };
		574174181A4A604C00B73D95 /* WPError+internal.h in Headers */ = {isa = PBXBuildFile; fileRef = 574174161A4A604C00B73D95 /* WPError+internal.h */; };
		574174191A4A604C00B73D95 /* WPError+internal.m in Sources */ = {isa = PBXBuildFile; fileRef = 574174171A4A604C00B73D95 /* WPError+internal.m */; };
		57769AF71B718A7C007BE0FA /* WPRoamHelper.h in Headers */ = {isa = PBXBuildFile; fileRef = 57769AF51B718A7C007BE0FA /* WPRoamHelper.h */; };
		57769AF81B718A7C007BE0FA /* WPRoamHelper.m in Sources */ = {isa = PBXBuildFile; fileRef = 57769AF61B718A7C007BE0FA /* WPRoamHelper.m */; };
		57769AFB1B7190F8007BE0FA /* WPIngenicoCardReaderManager.h in Headers */ = {isa = PBXBuildFile; fileRef = 57769AF91B7190F8007BE0FA /* WPIngenicoCardReaderManager.h */; };
		57769AFC1B7190F8007BE0FA /* WPIngenicoCardReaderManager.m in Sources */ = {isa = PBXBuildFile; fileRef = 57769AFA1B7190F8007BE0FA /* WPIngenicoCardReaderManager.m */; };
		57C2DD8D1B59B5F10048F046 /* WPAuthorizationInfo.h in Headers */ = {isa = PBXBuildFile; fileRef = 57C2DD8B1B59B5F10048F046 /* WPAuthorizationInfo.h */; settings = {ATTRIBUTES = (Public, ); }; };
		57C2DD8E1B59B5F10048F046 /* WPAuthorizationInfo.m in Sources */ = {isa = PBXBuildFile; fileRef = 57C2DD8C1B59B5F10048F046 /* WPAuthorizationInfo.m */; };
		57C2DD8F1B59B5F10048F046 /* WPAuthorizationInfo.m in Sources */ = {isa = PBXBuildFile; fileRef = 57C2DD8C1B59B5F10048F046 /* WPAuthorizationInfo.m */; };
		57C754BE1B44DE9C007E5650 /* WePay_Checkout.h in Headers */ = {isa = PBXBuildFile; fileRef = 57C754BC1B44DE9C007E5650 /* WePay_Checkout.h */; };
		57C754BF1B44DE9C007E5650 /* WePay_Checkout.m in Sources */ = {isa = PBXBuildFile; fileRef = 57C754BD1B44DE9C007E5650 /* WePay_Checkout.m */; };
		57C754C01B44DE9C007E5650 /* WePay_Checkout.m in Sources */ = {isa = PBXBuildFile; fileRef = 57C754BD1B44DE9C007E5650 /* WePay_Checkout.m */; };
		57CB382B1ACCCF4C00C8A6B2 /* WPRiskHelper.h in Headers */ = {isa = PBXBuildFile; fileRef = 57CB38291ACCCF4C00C8A6B2 /* WPRiskHelper.h */; };
		57CB382C1ACCCF4C00C8A6B2 /* WPRiskHelper.m in Sources */ = {isa = PBXBuildFile; fileRef = 57CB382A1ACCCF4C00C8A6B2 /* WPRiskHelper.m */; };
		57CBBD661B3908250095E2DD /* WePay_CardReaderDirector.m in Sources */ = {isa = PBXBuildFile; fileRef = 57CBBD641B3908250095E2DD /* WePay_CardReaderDirector.m */; };
		57CBBD671B3908250095E2DD /* WePay_CardReaderDirector.h in Headers */ = {isa = PBXBuildFile; fileRef = 57CBBD651B3908250095E2DD /* WePay_CardReaderDirector.h */; };
		57D0841F1B0181CC00CD35CE /* SystemConfiguration.framework in Frameworks */ = {isa = PBXBuildFile; fileRef = 570694001A0306FB00182EA2 /* SystemConfiguration.framework */; };
		57D084251B0181CC00CD35CE /* AudioToolbox.framework in Frameworks */ = {isa = PBXBuildFile; fileRef = 57D084201B0181CC00CD35CE /* AudioToolbox.framework */; };
		57D084261B0181CC00CD35CE /* CoreBluetooth.framework in Frameworks */ = {isa = PBXBuildFile; fileRef = 57D084211B0181CC00CD35CE /* CoreBluetooth.framework */; };
		57D084271B0181CC00CD35CE /* CoreTelephony.framework in Frameworks */ = {isa = PBXBuildFile; fileRef = 57D084221B0181CC00CD35CE /* CoreTelephony.framework */; };
		57D084291B0181CC00CD35CE /* MediaPlayer.framework in Frameworks */ = {isa = PBXBuildFile; fileRef = 57D084241B0181CC00CD35CE /* MediaPlayer.framework */; };
		57D0842B1B0181F300CD35CE /* CoreLocation.framework in Frameworks */ = {isa = PBXBuildFile; fileRef = 57D0842A1B0181F300CD35CE /* CoreLocation.framework */; };
		57D0842D1B01825000CD35CE /* AVFoundation.framework in Frameworks */ = {isa = PBXBuildFile; fileRef = 57D0842C1B01825000CD35CE /* AVFoundation.framework */; };
		57FF3CAE1A0D9BA600D460E7 /* WPConfig.h in Headers */ = {isa = PBXBuildFile; fileRef = 57FF3CAC1A0D9BA600D460E7 /* WPConfig.h */; settings = {ATTRIBUTES = (Public, ); }; };
		57FF3CAF1A0D9BA600D460E7 /* WPConfig.m in Sources */ = {isa = PBXBuildFile; fileRef = 57FF3CAD1A0D9BA600D460E7 /* WPConfig.m */; };
		57FF3CBA1A0DB55500D460E7 /* WPPaymentToken.h in Headers */ = {isa = PBXBuildFile; fileRef = 57FF3CB81A0DB55500D460E7 /* WPPaymentToken.h */; settings = {ATTRIBUTES = (Public, ); }; };
		57FF3CBB1A0DB55500D460E7 /* WPPaymentToken.m in Sources */ = {isa = PBXBuildFile; fileRef = 57FF3CB91A0DB55500D460E7 /* WPPaymentToken.m */; };
		7E2B01591DF237D00054EB1B /* RKI_MFI.framework in Frameworks */ = {isa = PBXBuildFile; fileRef = 7E2B01581DF237D00054EB1B /* RKI_MFI.framework */; };
		7E2B015C1DF23A460054EB1B /* ExternalAccessory.framework in Frameworks */ = {isa = PBXBuildFile; fileRef = 7E2B015B1DF23A460054EB1B /* ExternalAccessory.framework */; };
		7ECF64601DF60B0500C88051 /* libstdc++.tbd in Frameworks */ = {isa = PBXBuildFile; fileRef = 7ECF645F1DF60B0500C88051 /* libstdc++.tbd */; };
		7ECF64611DF60B3700C88051 /* ExternalAccessory.framework in Frameworks */ = {isa = PBXBuildFile; fileRef = 7E2B015B1DF23A460054EB1B /* ExternalAccessory.framework */; };
		9C3288971D4FC34A0026AF58 /* TestAuthorizationDelegate.m in Sources */ = {isa = PBXBuildFile; fileRef = 9C3288961D4FC34A0026AF58 /* TestAuthorizationDelegate.m */; };
		9C59540E1D67BE5D008F7596 /* UnitTestWPTransactionUtilities.m in Sources */ = {isa = PBXBuildFile; fileRef = 9C59540C1D67BE5D008F7596 /* UnitTestWPTransactionUtilities.m */; };
		9C59540F1D67BE5D008F7596 /* UnitTestWPDipTransactionHelper.m in Sources */ = {isa = PBXBuildFile; fileRef = 9C59540D1D67BE5D008F7596 /* UnitTestWPDipTransactionHelper.m */; };
		9CB0B8E91D3EEC62004B7347 /* WPMockConfig.h in Headers */ = {isa = PBXBuildFile; fileRef = 9CB0B8E71D3EEC62004B7347 /* WPMockConfig.h */; settings = {ATTRIBUTES = (Public, ); }; };
		9CB0B8EA1D3EEC62004B7347 /* WPMockConfig.m in Sources */ = {isa = PBXBuildFile; fileRef = 9CB0B8E81D3EEC62004B7347 /* WPMockConfig.m */; };
		9CCEFD061D3966F400CABD00 /* RPx_MFI.framework in Frameworks */ = {isa = PBXBuildFile; fileRef = 9CCEFD031D3966F400CABD00 /* RPx_MFI.framework */; };
		9CCEFD071D3966F400CABD00 /* RUA_MFI.framework in Frameworks */ = {isa = PBXBuildFile; fileRef = 9CCEFD041D3966F400CABD00 /* RUA_MFI.framework */; };
		9CE3E9301D481EC200C3A134 /* libstdc++.6.0.9.tbd in Frameworks */ = {isa = PBXBuildFile; fileRef = 9CE3E92F1D481EC200C3A134 /* libstdc++.6.0.9.tbd */; };
		9CE3E9451D494EF400C3A134 /* IntegrationTest.m in Sources */ = {isa = PBXBuildFile; fileRef = 9CE3E9441D494EF400C3A134 /* IntegrationTest.m */; };
		9CE3E9481D495BAC00C3A134 /* TestTokenizationDelegate.m in Sources */ = {isa = PBXBuildFile; fileRef = 9CE3E9471D495BAC00C3A134 /* TestTokenizationDelegate.m */; };
		9CE3E94C1D49785400C3A134 /* TestCardReaderDelegate.m in Sources */ = {isa = PBXBuildFile; fileRef = 9CE3E94B1D49785400C3A134 /* TestCardReaderDelegate.m */; };
		9CF9C2861D51077300DEDC21 /* TestCheckoutDelegate.m in Sources */ = {isa = PBXBuildFile; fileRef = 9CF9C2851D51077300DEDC21 /* TestCheckoutDelegate.m */; };
		C31E81401E5782B400D2E228 /* WPUserDefaultsHelper.h in Headers */ = {isa = PBXBuildFile; fileRef = C31E813E1E5782B400D2E228 /* WPUserDefaultsHelper.h */; };
		C31E81411E5782B400D2E228 /* WPUserDefaultsHelper.m in Sources */ = {isa = PBXBuildFile; fileRef = C31E813F1E5782B400D2E228 /* WPUserDefaultsHelper.m */; };
		C36C19681E92ECA000DEA375 /* UnitTestLogConfiguration.m in Sources */ = {isa = PBXBuildFile; fileRef = C36C19671E92ECA000DEA375 /* UnitTestLogConfiguration.m */; };
		C392CCFB1E53BA8B00BED4A0 /* UnitTestWPUserDefaultsHelper.m in Sources */ = {isa = PBXBuildFile; fileRef = C392CCFA1E53BA8B00BED4A0 /* UnitTestWPUserDefaultsHelper.m */; };
		C3978CF31E301B25002B2F0D /* G4XSwiper.framework in Frameworks */ = {isa = PBXBuildFile; fileRef = D77FBA1A1D9D87A90078961A /* G4XSwiper.framework */; };
		C3978CF41E301B25002B2F0D /* RKI_MFI.framework in Frameworks */ = {isa = PBXBuildFile; fileRef = 7E2B01581DF237D00054EB1B /* RKI_MFI.framework */; };
		C3978CF51E301B25002B2F0D /* RPx_MFI.framework in Frameworks */ = {isa = PBXBuildFile; fileRef = 9CCEFD031D3966F400CABD00 /* RPx_MFI.framework */; };
		C3978CF61E301B25002B2F0D /* RUA_MFI.framework in Frameworks */ = {isa = PBXBuildFile; fileRef = 9CCEFD041D3966F400CABD00 /* RUA_MFI.framework */; };
		C3BDFEE51EA1303900900C7F /* WPMockRoamDeviceManager.h in Headers */ = {isa = PBXBuildFile; fileRef = C3BDFEE31EA1303900900C7F /* WPMockRoamDeviceManager.h */; };
		C3BDFEE61EA1303900900C7F /* WPMockRoamDeviceManager.m in Sources */ = {isa = PBXBuildFile; fileRef = C3BDFEE41EA1303900900C7F /* WPMockRoamDeviceManager.m */; };
		C3BDFEE91EA1305A00900C7F /* WPMockRoamTransactionManager.h in Headers */ = {isa = PBXBuildFile; fileRef = C3BDFEE71EA1305A00900C7F /* WPMockRoamTransactionManager.h */; };
		C3BDFEEA1EA1305A00900C7F /* WPMockRoamTransactionManager.m in Sources */ = {isa = PBXBuildFile; fileRef = C3BDFEE81EA1305A00900C7F /* WPMockRoamTransactionManager.m */; };
		C3BDFEED1EA1307000900C7F /* WPMockRoamConfigurationManager.h in Headers */ = {isa = PBXBuildFile; fileRef = C3BDFEEB1EA1307000900C7F /* WPMockRoamConfigurationManager.h */; };
		C3BDFEEE1EA1307000900C7F /* WPMockRoamConfigurationManager.m in Sources */ = {isa = PBXBuildFile; fileRef = C3BDFEEC1EA1307000900C7F /* WPMockRoamConfigurationManager.m */; };
		C3BDFEF11EA1308000900C7F /* WPTransactionUtilities.h in Headers */ = {isa = PBXBuildFile; fileRef = C3BDFEEF1EA1308000900C7F /* WPTransactionUtilities.h */; };
		C3BDFEF21EA1308000900C7F /* WPTransactionUtilities.m in Sources */ = {isa = PBXBuildFile; fileRef = C3BDFEF01EA1308000900C7F /* WPTransactionUtilities.m */; };
		C3BDFEF51EA1309500900C7F /* WPIngenicoCardReaderDetector.h in Headers */ = {isa = PBXBuildFile; fileRef = C3BDFEF31EA1309500900C7F /* WPIngenicoCardReaderDetector.h */; };
		C3BDFEF61EA1309500900C7F /* WPIngenicoCardReaderDetector.m in Sources */ = {isa = PBXBuildFile; fileRef = C3BDFEF41EA1309500900C7F /* WPIngenicoCardReaderDetector.m */; };
		C3D1EF761E8B54B5004BD033 /* WPGlobals.h in Headers */ = {isa = PBXBuildFile; fileRef = C3D1EF741E8B54B5004BD033 /* WPGlobals.h */; };
		C3D1EF771E8B54B5004BD033 /* WPGlobals.m in Sources */ = {isa = PBXBuildFile; fileRef = C3D1EF751E8B54B5004BD033 /* WPGlobals.m */; };
		C3D1EF7A1E8DCB8D004BD033 /* WPConstantsExternal.h in Headers */ = {isa = PBXBuildFile; fileRef = C3D1EF781E8DCB8D004BD033 /* WPConstantsExternal.h */; settings = {ATTRIBUTES = (Public, ); }; };
		C3D1EF7B1E8DCB8D004BD033 /* WPConstantsExternal.m in Sources */ = {isa = PBXBuildFile; fileRef = C3D1EF791E8DCB8D004BD033 /* WPConstantsExternal.m */; };
		D7378ADB1E4E80CC00CDB7BC /* TrustDefender.framework in Frameworks */ = {isa = PBXBuildFile; fileRef = D7378ADA1E4E80CC00CDB7BC /* TrustDefender.framework */; };
		D7378ADF1E4E8C7E00CDB7BC /* libz.tbd in Frameworks */ = {isa = PBXBuildFile; fileRef = D7378ADE1E4E8C7E00CDB7BC /* libz.tbd */; };
		D74B4B181DF7A939002416D5 /* IntegrationTestConfig.m in Sources */ = {isa = PBXBuildFile; fileRef = D74B4B171DF7A939002416D5 /* IntegrationTestConfig.m */; };
		D7765B841DFF6B0A0030CDCA /* IntegrationTestCardReader.m in Sources */ = {isa = PBXBuildFile; fileRef = D7765B831DFF6B0A0030CDCA /* IntegrationTestCardReader.m */; };
		D77FBA1B1D9D87A90078961A /* G4XSwiper.framework in Frameworks */ = {isa = PBXBuildFile; fileRef = D77FBA1A1D9D87A90078961A /* G4XSwiper.framework */; };
		D792C3361E5E8EB400A624F0 /* TrustDefender.framework in Frameworks */ = {isa = PBXBuildFile; fileRef = D7378ADA1E4E80CC00CDB7BC /* TrustDefender.framework */; };
		D7BEAD071D77BC0A0071C023 /* WPBatteryHelper.h in Headers */ = {isa = PBXBuildFile; fileRef = D7BEAD051D77BC0A0071C023 /* WPBatteryHelper.h */; };
		D7BEAD081D77BC0A0071C023 /* WPBatteryHelper.m in Sources */ = {isa = PBXBuildFile; fileRef = D7BEAD061D77BC0A0071C023 /* WPBatteryHelper.m */; };
		D7BEAD091D77BC0A0071C023 /* WPBatteryHelper.m in Sources */ = {isa = PBXBuildFile; fileRef = D7BEAD061D77BC0A0071C023 /* WPBatteryHelper.m */; };
		D7BEAD0E1D8206590071C023 /* TestBatteryLevelDelegate.m in Sources */ = {isa = PBXBuildFile; fileRef = D7BEAD0B1D8206590071C023 /* TestBatteryLevelDelegate.m */; };
		D7E572CA1BFC0DF900D92827 /* WPExternalCardReaderHelper.h in Headers */ = {isa = PBXBuildFile; fileRef = D7E572C81BFC0DF900D92827 /* WPExternalCardReaderHelper.h */; };
		D7E572CB1BFC0DF900D92827 /* WPExternalCardReaderHelper.m in Sources */ = {isa = PBXBuildFile; fileRef = D7E572C91BFC0DF900D92827 /* WPExternalCardReaderHelper.m */; };
		D7E572CC1BFC0DF900D92827 /* WPExternalCardReaderHelper.m in Sources */ = {isa = PBXBuildFile; fileRef = D7E572C91BFC0DF900D92827 /* WPExternalCardReaderHelper.m */; };
		D7E572CF1BFD690300D92827 /* WPClientHelper.h in Headers */ = {isa = PBXBuildFile; fileRef = D7E572CD1BFD690300D92827 /* WPClientHelper.h */; };
		D7E572D01BFD690300D92827 /* WPClientHelper.m in Sources */ = {isa = PBXBuildFile; fileRef = D7E572CE1BFD690300D92827 /* WPClientHelper.m */; };
		D7E572D11BFD690300D92827 /* WPClientHelper.m in Sources */ = {isa = PBXBuildFile; fileRef = D7E572CE1BFD690300D92827 /* WPClientHelper.m */; };
		D7E572DB1BFD7E9E00D92827 /* WPDipConfigHelper.m in Sources */ = {isa = PBXBuildFile; fileRef = D7E572D91BFD7E9E00D92827 /* WPDipConfigHelper.m */; };
		D7E572DC1BFD7E9E00D92827 /* WPDipConfigHelper.m in Sources */ = {isa = PBXBuildFile; fileRef = D7E572D91BFD7E9E00D92827 /* WPDipConfigHelper.m */; };
		D7E572DD1BFD7E9E00D92827 /* WPDipConfigHelper.h in Headers */ = {isa = PBXBuildFile; fileRef = D7E572DA1BFD7E9E00D92827 /* WPDipConfigHelper.h */; };
		D7E572E01BFD7F3400D92827 /* WPDipTransactionHelper.h in Headers */ = {isa = PBXBuildFile; fileRef = D7E572DE1BFD7F3400D92827 /* WPDipTransactionHelper.h */; };
		D7E572E11BFD7F3400D92827 /* WPDipTransactionHelper.m in Sources */ = {isa = PBXBuildFile; fileRef = D7E572DF1BFD7F3400D92827 /* WPDipTransactionHelper.m */; };
		D7E572E21BFD7F3500D92827 /* WPDipTransactionHelper.m in Sources */ = {isa = PBXBuildFile; fileRef = D7E572DF1BFD7F3400D92827 /* WPDipTransactionHelper.m */; };
/* End PBXBuildFile section */

/* Begin PBXContainerItemProxy section */
		570693951A02FB0800182EA2 /* PBXContainerItemProxy */ = {
			isa = PBXContainerItemProxy;
			containerPortal = 573054AC1A02F4DD00EA5FEE /* Project object */;
			proxyType = 1;
			remoteGlobalIDString = 573054B31A02F4DD00EA5FEE;
			remoteInfo = WePay;
		};
		573054C11A02F4DD00EA5FEE /* PBXContainerItemProxy */ = {
			isa = PBXContainerItemProxy;
			containerPortal = 573054AC1A02F4DD00EA5FEE /* Project object */;
			proxyType = 1;
			remoteGlobalIDString = 573054B31A02F4DD00EA5FEE;
			remoteInfo = WePay;
		};
/* End PBXContainerItemProxy section */

/* Begin PBXCopyFilesBuildPhase section */
		573054B21A02F4DD00EA5FEE /* CopyFiles */ = {
			isa = PBXCopyFilesBuildPhase;
			buildActionMask = 2147483647;
			dstPath = "include/$(PRODUCT_NAME)";
			dstSubfolderSpec = 16;
			files = (
				573054B81A02F4DD00EA5FEE /* WePay.h in CopyFiles */,
			);
			runOnlyForDeploymentPostprocessing = 0;
		};
/* End PBXCopyFilesBuildPhase section */

/* Begin PBXFileReference section */
		570694001A0306FB00182EA2 /* SystemConfiguration.framework */ = {isa = PBXFileReference; lastKnownFileType = wrapper.framework; name = SystemConfiguration.framework; path = System/Library/Frameworks/SystemConfiguration.framework; sourceTree = SDKROOT; };
		57178BA31A0ADD2000C03F13 /* WPPaymentInfo.h */ = {isa = PBXFileReference; fileEncoding = 4; lastKnownFileType = sourcecode.c.h; name = WPPaymentInfo.h; path = Models/WPPaymentInfo.h; sourceTree = "<group>"; };
		57178BA41A0ADD2000C03F13 /* WPPaymentInfo.m */ = {isa = PBXFileReference; fileEncoding = 4; lastKnownFileType = sourcecode.c.objc; name = WPPaymentInfo.m; path = Models/WPPaymentInfo.m; sourceTree = "<group>"; };
		572711351AF05AAA00B45498 /* WPAddress.h */ = {isa = PBXFileReference; fileEncoding = 4; lastKnownFileType = sourcecode.c.h; name = WPAddress.h; path = Models/WPAddress.h; sourceTree = "<group>"; };
		572711361AF05AAA00B45498 /* WPAddress.m */ = {isa = PBXFileReference; fileEncoding = 4; lastKnownFileType = sourcecode.c.objc; name = WPAddress.m; path = Models/WPAddress.m; sourceTree = "<group>"; };
		573054B41A02F4DD00EA5FEE /* libWePay.a */ = {isa = PBXFileReference; explicitFileType = archive.ar; includeInIndex = 0; path = libWePay.a; sourceTree = BUILT_PRODUCTS_DIR; };
		573054B71A02F4DD00EA5FEE /* WePay.h */ = {isa = PBXFileReference; lastKnownFileType = sourcecode.c.h; path = WePay.h; sourceTree = "<group>"; };
		573054B91A02F4DD00EA5FEE /* WePay.m */ = {isa = PBXFileReference; lastKnownFileType = sourcecode.c.objc; lineEnding = 0; path = WePay.m; sourceTree = "<group>"; xcLanguageSpecificationIdentifier = xcode.lang.objc; };
		573054BF1A02F4DD00EA5FEE /* WePayTests.xctest */ = {isa = PBXFileReference; explicitFileType = wrapper.cfbundle; includeInIndex = 0; path = WePayTests.xctest; sourceTree = BUILT_PRODUCTS_DIR; };
		573054C51A02F4DD00EA5FEE /* Info.plist */ = {isa = PBXFileReference; lastKnownFileType = text.plist.xml; path = Info.plist; sourceTree = "<group>"; };
		574173FC1A3F8A4B00B73D95 /* WePay_Manual.h */ = {isa = PBXFileReference; fileEncoding = 4; lastKnownFileType = sourcecode.c.h; name = WePay_Manual.h; path = Internal/WePay_Manual.h; sourceTree = "<group>"; };
		574173FD1A3F8A4B00B73D95 /* WePay_Manual.m */ = {isa = PBXFileReference; fileEncoding = 4; lastKnownFileType = sourcecode.c.objc; name = WePay_Manual.m; path = Internal/WePay_Manual.m; sourceTree = "<group>"; };
		574174001A3F8C5400B73D95 /* WPClient.h */ = {isa = PBXFileReference; fileEncoding = 4; lastKnownFileType = sourcecode.c.h; name = WPClient.h; path = Internal/WPClient.h; sourceTree = "<group>"; };
		574174011A3F8C5400B73D95 /* WPClient.m */ = {isa = PBXFileReference; fileEncoding = 4; lastKnownFileType = sourcecode.c.objc; lineEnding = 0; name = WPClient.m; path = Internal/WPClient.m; sourceTree = "<group>"; xcLanguageSpecificationIdentifier = xcode.lang.objc; };
		574174101A4A5DE900B73D95 /* WPError.h */ = {isa = PBXFileReference; fileEncoding = 4; lastKnownFileType = sourcecode.c.h; path = WPError.h; sourceTree = "<group>"; };
		574174161A4A604C00B73D95 /* WPError+internal.h */ = {isa = PBXFileReference; fileEncoding = 4; lastKnownFileType = sourcecode.c.h; name = "WPError+internal.h"; path = "Internal/WPError+internal.h"; sourceTree = "<group>"; };
		574174171A4A604C00B73D95 /* WPError+internal.m */ = {isa = PBXFileReference; fileEncoding = 4; lastKnownFileType = sourcecode.c.objc; name = "WPError+internal.m"; path = "Internal/WPError+internal.m"; sourceTree = "<group>"; };
		57769AF51B718A7C007BE0FA /* WPRoamHelper.h */ = {isa = PBXFileReference; fileEncoding = 4; lastKnownFileType = sourcecode.c.h; lineEnding = 0; name = WPRoamHelper.h; path = Internal/WPRoamHelper.h; sourceTree = "<group>"; xcLanguageSpecificationIdentifier = xcode.lang.objcpp; };
		57769AF61B718A7C007BE0FA /* WPRoamHelper.m */ = {isa = PBXFileReference; fileEncoding = 4; lastKnownFileType = sourcecode.c.objc; lineEnding = 0; name = WPRoamHelper.m; path = Internal/WPRoamHelper.m; sourceTree = "<group>"; xcLanguageSpecificationIdentifier = xcode.lang.objc; };
		57769AF91B7190F8007BE0FA /* WPIngenicoCardReaderManager.h */ = {isa = PBXFileReference; fileEncoding = 4; lastKnownFileType = sourcecode.c.h; lineEnding = 0; name = WPIngenicoCardReaderManager.h; path = Internal/WPIngenicoCardReaderManager.h; sourceTree = "<group>"; xcLanguageSpecificationIdentifier = xcode.lang.objcpp; };
		57769AFA1B7190F8007BE0FA /* WPIngenicoCardReaderManager.m */ = {isa = PBXFileReference; fileEncoding = 4; lastKnownFileType = sourcecode.c.objc; lineEnding = 0; name = WPIngenicoCardReaderManager.m; path = Internal/WPIngenicoCardReaderManager.m; sourceTree = "<group>"; xcLanguageSpecificationIdentifier = xcode.lang.objc; };
		57C2DD8B1B59B5F10048F046 /* WPAuthorizationInfo.h */ = {isa = PBXFileReference; fileEncoding = 4; lastKnownFileType = sourcecode.c.h; name = WPAuthorizationInfo.h; path = Models/WPAuthorizationInfo.h; sourceTree = "<group>"; };
		57C2DD8C1B59B5F10048F046 /* WPAuthorizationInfo.m */ = {isa = PBXFileReference; fileEncoding = 4; lastKnownFileType = sourcecode.c.objc; name = WPAuthorizationInfo.m; path = Models/WPAuthorizationInfo.m; sourceTree = "<group>"; };
		57C754BC1B44DE9C007E5650 /* WePay_Checkout.h */ = {isa = PBXFileReference; fileEncoding = 4; lastKnownFileType = sourcecode.c.h; name = WePay_Checkout.h; path = Internal/WePay_Checkout.h; sourceTree = "<group>"; };
		57C754BD1B44DE9C007E5650 /* WePay_Checkout.m */ = {isa = PBXFileReference; fileEncoding = 4; lastKnownFileType = sourcecode.c.objc; name = WePay_Checkout.m; path = Internal/WePay_Checkout.m; sourceTree = "<group>"; };
		57CB38291ACCCF4C00C8A6B2 /* WPRiskHelper.h */ = {isa = PBXFileReference; fileEncoding = 4; lastKnownFileType = sourcecode.c.h; name = WPRiskHelper.h; path = Internal/WPRiskHelper.h; sourceTree = "<group>"; };
		57CB382A1ACCCF4C00C8A6B2 /* WPRiskHelper.m */ = {isa = PBXFileReference; fileEncoding = 4; lastKnownFileType = sourcecode.c.objc; name = WPRiskHelper.m; path = Internal/WPRiskHelper.m; sourceTree = "<group>"; };
		57CBBD641B3908250095E2DD /* WePay_CardReaderDirector.m */ = {isa = PBXFileReference; fileEncoding = 4; lastKnownFileType = sourcecode.c.objc; lineEnding = 0; name = WePay_CardReaderDirector.m; path = Internal/WePay_CardReaderDirector.m; sourceTree = "<group>"; xcLanguageSpecificationIdentifier = xcode.lang.objc; };
		57CBBD651B3908250095E2DD /* WePay_CardReaderDirector.h */ = {isa = PBXFileReference; fileEncoding = 4; lastKnownFileType = sourcecode.c.h; lineEnding = 0; name = WePay_CardReaderDirector.h; path = Internal/WePay_CardReaderDirector.h; sourceTree = "<group>"; xcLanguageSpecificationIdentifier = xcode.lang.objcpp; };
		57D084201B0181CC00CD35CE /* AudioToolbox.framework */ = {isa = PBXFileReference; lastKnownFileType = wrapper.framework; name = AudioToolbox.framework; path = System/Library/Frameworks/AudioToolbox.framework; sourceTree = SDKROOT; };
		57D084211B0181CC00CD35CE /* CoreBluetooth.framework */ = {isa = PBXFileReference; lastKnownFileType = wrapper.framework; name = CoreBluetooth.framework; path = System/Library/Frameworks/CoreBluetooth.framework; sourceTree = SDKROOT; };
		57D084221B0181CC00CD35CE /* CoreTelephony.framework */ = {isa = PBXFileReference; lastKnownFileType = wrapper.framework; name = CoreTelephony.framework; path = System/Library/Frameworks/CoreTelephony.framework; sourceTree = SDKROOT; };
		57D084241B0181CC00CD35CE /* MediaPlayer.framework */ = {isa = PBXFileReference; lastKnownFileType = wrapper.framework; name = MediaPlayer.framework; path = System/Library/Frameworks/MediaPlayer.framework; sourceTree = SDKROOT; };
		57D0842A1B0181F300CD35CE /* CoreLocation.framework */ = {isa = PBXFileReference; lastKnownFileType = wrapper.framework; name = CoreLocation.framework; path = System/Library/Frameworks/CoreLocation.framework; sourceTree = SDKROOT; };
		57D0842C1B01825000CD35CE /* AVFoundation.framework */ = {isa = PBXFileReference; lastKnownFileType = wrapper.framework; name = AVFoundation.framework; path = System/Library/Frameworks/AVFoundation.framework; sourceTree = SDKROOT; };
		57FF3CAC1A0D9BA600D460E7 /* WPConfig.h */ = {isa = PBXFileReference; fileEncoding = 4; lastKnownFileType = sourcecode.c.h; name = WPConfig.h; path = Models/WPConfig.h; sourceTree = "<group>"; };
		57FF3CAD1A0D9BA600D460E7 /* WPConfig.m */ = {isa = PBXFileReference; fileEncoding = 4; lastKnownFileType = sourcecode.c.objc; name = WPConfig.m; path = Models/WPConfig.m; sourceTree = "<group>"; };
		57FF3CB81A0DB55500D460E7 /* WPPaymentToken.h */ = {isa = PBXFileReference; fileEncoding = 4; lastKnownFileType = sourcecode.c.h; name = WPPaymentToken.h; path = Models/WPPaymentToken.h; sourceTree = "<group>"; };
		57FF3CB91A0DB55500D460E7 /* WPPaymentToken.m */ = {isa = PBXFileReference; fileEncoding = 4; lastKnownFileType = sourcecode.c.objc; name = WPPaymentToken.m; path = Models/WPPaymentToken.m; sourceTree = "<group>"; };
		7E2B01581DF237D00054EB1B /* RKI_MFI.framework */ = {isa = PBXFileReference; lastKnownFileType = wrapper.framework; path = RKI_MFI.framework; sourceTree = "<group>"; };
		7E2B015B1DF23A460054EB1B /* ExternalAccessory.framework */ = {isa = PBXFileReference; lastKnownFileType = wrapper.framework; name = ExternalAccessory.framework; path = System/Library/Frameworks/ExternalAccessory.framework; sourceTree = SDKROOT; };
		7ECF645F1DF60B0500C88051 /* libstdc++.tbd */ = {isa = PBXFileReference; lastKnownFileType = "sourcecode.text-based-dylib-definition"; name = "libstdc++.tbd"; path = "usr/lib/libstdc++.tbd"; sourceTree = SDKROOT; };
		9C3288951D4FC34A0026AF58 /* TestAuthorizationDelegate.h */ = {isa = PBXFileReference; fileEncoding = 4; lastKnownFileType = sourcecode.c.h; path = TestAuthorizationDelegate.h; sourceTree = "<group>"; };
		9C3288961D4FC34A0026AF58 /* TestAuthorizationDelegate.m */ = {isa = PBXFileReference; fileEncoding = 4; lastKnownFileType = sourcecode.c.objc; path = TestAuthorizationDelegate.m; sourceTree = "<group>"; };
		9C59540C1D67BE5D008F7596 /* UnitTestWPTransactionUtilities.m */ = {isa = PBXFileReference; fileEncoding = 4; lastKnownFileType = sourcecode.c.objc; path = UnitTestWPTransactionUtilities.m; sourceTree = "<group>"; };
		9C59540D1D67BE5D008F7596 /* UnitTestWPDipTransactionHelper.m */ = {isa = PBXFileReference; fileEncoding = 4; lastKnownFileType = sourcecode.c.objc; path = UnitTestWPDipTransactionHelper.m; sourceTree = "<group>"; };
		9CB0B8E71D3EEC62004B7347 /* WPMockConfig.h */ = {isa = PBXFileReference; fileEncoding = 4; lastKnownFileType = sourcecode.c.h; path = WPMockConfig.h; sourceTree = "<group>"; };
		9CB0B8E81D3EEC62004B7347 /* WPMockConfig.m */ = {isa = PBXFileReference; fileEncoding = 4; lastKnownFileType = sourcecode.c.objc; path = WPMockConfig.m; sourceTree = "<group>"; };
		9CCEFD031D3966F400CABD00 /* RPx_MFI.framework */ = {isa = PBXFileReference; lastKnownFileType = wrapper.framework; path = RPx_MFI.framework; sourceTree = "<group>"; };
		9CCEFD041D3966F400CABD00 /* RUA_MFI.framework */ = {isa = PBXFileReference; lastKnownFileType = wrapper.framework; path = RUA_MFI.framework; sourceTree = "<group>"; };
		9CE3E92F1D481EC200C3A134 /* libstdc++.6.0.9.tbd */ = {isa = PBXFileReference; lastKnownFileType = "sourcecode.text-based-dylib-definition"; name = "libstdc++.6.0.9.tbd"; path = "usr/lib/libstdc++.6.0.9.tbd"; sourceTree = SDKROOT; };
		9CE3E9441D494EF400C3A134 /* IntegrationTest.m */ = {isa = PBXFileReference; fileEncoding = 4; lastKnownFileType = sourcecode.c.objc; path = IntegrationTest.m; sourceTree = "<group>"; };
		9CE3E9461D495BAC00C3A134 /* TestTokenizationDelegate.h */ = {isa = PBXFileReference; fileEncoding = 4; lastKnownFileType = sourcecode.c.h; path = TestTokenizationDelegate.h; sourceTree = "<group>"; };
		9CE3E9471D495BAC00C3A134 /* TestTokenizationDelegate.m */ = {isa = PBXFileReference; fileEncoding = 4; lastKnownFileType = sourcecode.c.objc; path = TestTokenizationDelegate.m; sourceTree = "<group>"; };
		9CE3E94A1D49785400C3A134 /* TestCardReaderDelegate.h */ = {isa = PBXFileReference; fileEncoding = 4; lastKnownFileType = sourcecode.c.h; path = TestCardReaderDelegate.h; sourceTree = "<group>"; };
		9CE3E94B1D49785400C3A134 /* TestCardReaderDelegate.m */ = {isa = PBXFileReference; fileEncoding = 4; lastKnownFileType = sourcecode.c.objc; path = TestCardReaderDelegate.m; sourceTree = "<group>"; };
		9CF9C2841D51077300DEDC21 /* TestCheckoutDelegate.h */ = {isa = PBXFileReference; fileEncoding = 4; lastKnownFileType = sourcecode.c.h; path = TestCheckoutDelegate.h; sourceTree = "<group>"; };
		9CF9C2851D51077300DEDC21 /* TestCheckoutDelegate.m */ = {isa = PBXFileReference; fileEncoding = 4; lastKnownFileType = sourcecode.c.objc; path = TestCheckoutDelegate.m; sourceTree = "<group>"; };
		C31E813E1E5782B400D2E228 /* WPUserDefaultsHelper.h */ = {isa = PBXFileReference; fileEncoding = 4; lastKnownFileType = sourcecode.c.h; name = WPUserDefaultsHelper.h; path = Internal/WPUserDefaultsHelper.h; sourceTree = "<group>"; };
		C31E813F1E5782B400D2E228 /* WPUserDefaultsHelper.m */ = {isa = PBXFileReference; fileEncoding = 4; lastKnownFileType = sourcecode.c.objc; name = WPUserDefaultsHelper.m; path = Internal/WPUserDefaultsHelper.m; sourceTree = "<group>"; };
		C36C19671E92ECA000DEA375 /* UnitTestLogConfiguration.m */ = {isa = PBXFileReference; fileEncoding = 4; lastKnownFileType = sourcecode.c.objc; path = UnitTestLogConfiguration.m; sourceTree = "<group>"; };
		C392CCFA1E53BA8B00BED4A0 /* UnitTestWPUserDefaultsHelper.m */ = {isa = PBXFileReference; fileEncoding = 4; lastKnownFileType = sourcecode.c.objc; path = UnitTestWPUserDefaultsHelper.m; sourceTree = "<group>"; };
		C3BDFEE31EA1303900900C7F /* WPMockRoamDeviceManager.h */ = {isa = PBXFileReference; fileEncoding = 4; lastKnownFileType = sourcecode.c.h; name = WPMockRoamDeviceManager.h; path = Internal/WPMockRoamDeviceManager.h; sourceTree = "<group>"; };
		C3BDFEE41EA1303900900C7F /* WPMockRoamDeviceManager.m */ = {isa = PBXFileReference; fileEncoding = 4; lastKnownFileType = sourcecode.c.objc; name = WPMockRoamDeviceManager.m; path = Internal/WPMockRoamDeviceManager.m; sourceTree = "<group>"; };
		C3BDFEE71EA1305A00900C7F /* WPMockRoamTransactionManager.h */ = {isa = PBXFileReference; fileEncoding = 4; lastKnownFileType = sourcecode.c.h; name = WPMockRoamTransactionManager.h; path = Internal/WPMockRoamTransactionManager.h; sourceTree = "<group>"; };
		C3BDFEE81EA1305A00900C7F /* WPMockRoamTransactionManager.m */ = {isa = PBXFileReference; fileEncoding = 4; lastKnownFileType = sourcecode.c.objc; name = WPMockRoamTransactionManager.m; path = Internal/WPMockRoamTransactionManager.m; sourceTree = "<group>"; };
		C3BDFEEB1EA1307000900C7F /* WPMockRoamConfigurationManager.h */ = {isa = PBXFileReference; fileEncoding = 4; lastKnownFileType = sourcecode.c.h; name = WPMockRoamConfigurationManager.h; path = Internal/WPMockRoamConfigurationManager.h; sourceTree = "<group>"; };
		C3BDFEEC1EA1307000900C7F /* WPMockRoamConfigurationManager.m */ = {isa = PBXFileReference; fileEncoding = 4; lastKnownFileType = sourcecode.c.objc; name = WPMockRoamConfigurationManager.m; path = Internal/WPMockRoamConfigurationManager.m; sourceTree = "<group>"; };
		C3BDFEEF1EA1308000900C7F /* WPTransactionUtilities.h */ = {isa = PBXFileReference; fileEncoding = 4; lastKnownFileType = sourcecode.c.h; name = WPTransactionUtilities.h; path = Internal/WPTransactionUtilities.h; sourceTree = "<group>"; };
		C3BDFEF01EA1308000900C7F /* WPTransactionUtilities.m */ = {isa = PBXFileReference; fileEncoding = 4; lastKnownFileType = sourcecode.c.objc; name = WPTransactionUtilities.m; path = Internal/WPTransactionUtilities.m; sourceTree = "<group>"; };
		C3BDFEF31EA1309500900C7F /* WPIngenicoCardReaderDetector.h */ = {isa = PBXFileReference; fileEncoding = 4; lastKnownFileType = sourcecode.c.h; name = WPIngenicoCardReaderDetector.h; path = Internal/WPIngenicoCardReaderDetector.h; sourceTree = "<group>"; };
		C3BDFEF41EA1309500900C7F /* WPIngenicoCardReaderDetector.m */ = {isa = PBXFileReference; fileEncoding = 4; lastKnownFileType = sourcecode.c.objc; name = WPIngenicoCardReaderDetector.m; path = Internal/WPIngenicoCardReaderDetector.m; sourceTree = "<group>"; };
		C3D1EF6E1E8B5134004BD033 /* WePay-Prefix.pch */ = {isa = PBXFileReference; lastKnownFileType = sourcecode.c.h; lineEnding = 0; name = "WePay-Prefix.pch"; path = "WePay/WePay-Prefix.pch"; sourceTree = "<group>"; xcLanguageSpecificationIdentifier = xcode.lang.objc; };
		C3D1EF741E8B54B5004BD033 /* WPGlobals.h */ = {isa = PBXFileReference; fileEncoding = 4; lastKnownFileType = sourcecode.c.h; name = WPGlobals.h; path = Internal/WPGlobals.h; sourceTree = "<group>"; };
		C3D1EF751E8B54B5004BD033 /* WPGlobals.m */ = {isa = PBXFileReference; fileEncoding = 4; lastKnownFileType = sourcecode.c.objc; name = WPGlobals.m; path = Internal/WPGlobals.m; sourceTree = "<group>"; };
		C3D1EF781E8DCB8D004BD033 /* WPConstantsExternal.h */ = {isa = PBXFileReference; fileEncoding = 4; lastKnownFileType = sourcecode.c.h; path = WPConstantsExternal.h; sourceTree = "<group>"; };
		C3D1EF791E8DCB8D004BD033 /* WPConstantsExternal.m */ = {isa = PBXFileReference; fileEncoding = 4; lastKnownFileType = sourcecode.c.objc; path = WPConstantsExternal.m; sourceTree = "<group>"; };
		D7378ADA1E4E80CC00CDB7BC /* TrustDefender.framework */ = {isa = PBXFileReference; lastKnownFileType = wrapper.framework; path = TrustDefender.framework; sourceTree = "<group>"; };
		D7378ADE1E4E8C7E00CDB7BC /* libz.tbd */ = {isa = PBXFileReference; lastKnownFileType = "sourcecode.text-based-dylib-definition"; name = libz.tbd; path = usr/lib/libz.tbd; sourceTree = SDKROOT; };
		D74B4B171DF7A939002416D5 /* IntegrationTestConfig.m */ = {isa = PBXFileReference; fileEncoding = 4; lastKnownFileType = sourcecode.c.objc; lineEnding = 0; path = IntegrationTestConfig.m; sourceTree = "<group>"; xcLanguageSpecificationIdentifier = xcode.lang.objc; };
		D7765B831DFF6B0A0030CDCA /* IntegrationTestCardReader.m */ = {isa = PBXFileReference; fileEncoding = 4; lastKnownFileType = sourcecode.c.objc; path = IntegrationTestCardReader.m; sourceTree = "<group>"; };
		D77FBA1A1D9D87A90078961A /* G4XSwiper.framework */ = {isa = PBXFileReference; lastKnownFileType = wrapper.framework; path = G4XSwiper.framework; sourceTree = "<group>"; };
		D7BEAD051D77BC0A0071C023 /* WPBatteryHelper.h */ = {isa = PBXFileReference; fileEncoding = 4; lastKnownFileType = sourcecode.c.h; lineEnding = 0; path = WPBatteryHelper.h; sourceTree = "<group>"; xcLanguageSpecificationIdentifier = xcode.lang.objcpp; };
		D7BEAD061D77BC0A0071C023 /* WPBatteryHelper.m */ = {isa = PBXFileReference; fileEncoding = 4; lastKnownFileType = sourcecode.c.objc; lineEnding = 0; path = WPBatteryHelper.m; sourceTree = "<group>"; xcLanguageSpecificationIdentifier = xcode.lang.objc; };
		D7BEAD0A1D8206590071C023 /* TestBatteryLevelDelegate.h */ = {isa = PBXFileReference; fileEncoding = 4; lastKnownFileType = sourcecode.c.h; path = TestBatteryLevelDelegate.h; sourceTree = "<group>"; };
		D7BEAD0B1D8206590071C023 /* TestBatteryLevelDelegate.m */ = {isa = PBXFileReference; fileEncoding = 4; lastKnownFileType = sourcecode.c.objc; path = TestBatteryLevelDelegate.m; sourceTree = "<group>"; };
		D7E572C81BFC0DF900D92827 /* WPExternalCardReaderHelper.h */ = {isa = PBXFileReference; fileEncoding = 4; lastKnownFileType = sourcecode.c.h; lineEnding = 0; name = WPExternalCardReaderHelper.h; path = Internal/WPExternalCardReaderHelper.h; sourceTree = "<group>"; xcLanguageSpecificationIdentifier = xcode.lang.objcpp; };
		D7E572C91BFC0DF900D92827 /* WPExternalCardReaderHelper.m */ = {isa = PBXFileReference; fileEncoding = 4; lastKnownFileType = sourcecode.c.objc; lineEnding = 0; name = WPExternalCardReaderHelper.m; path = Internal/WPExternalCardReaderHelper.m; sourceTree = "<group>"; xcLanguageSpecificationIdentifier = xcode.lang.objc; };
		D7E572CD1BFD690300D92827 /* WPClientHelper.h */ = {isa = PBXFileReference; fileEncoding = 4; lastKnownFileType = sourcecode.c.h; name = WPClientHelper.h; path = Internal/WPClientHelper.h; sourceTree = "<group>"; };
		D7E572CE1BFD690300D92827 /* WPClientHelper.m */ = {isa = PBXFileReference; fileEncoding = 4; lastKnownFileType = sourcecode.c.objc; lineEnding = 0; name = WPClientHelper.m; path = Internal/WPClientHelper.m; sourceTree = "<group>"; xcLanguageSpecificationIdentifier = xcode.lang.objc; };
		D7E572D91BFD7E9E00D92827 /* WPDipConfigHelper.m */ = {isa = PBXFileReference; fileEncoding = 4; lastKnownFileType = sourcecode.c.objc; lineEnding = 0; name = WPDipConfigHelper.m; path = Internal/WPDipConfigHelper.m; sourceTree = "<group>"; xcLanguageSpecificationIdentifier = xcode.lang.objc; };
		D7E572DA1BFD7E9E00D92827 /* WPDipConfigHelper.h */ = {isa = PBXFileReference; fileEncoding = 4; lastKnownFileType = sourcecode.c.h; lineEnding = 0; name = WPDipConfigHelper.h; path = Internal/WPDipConfigHelper.h; sourceTree = "<group>"; xcLanguageSpecificationIdentifier = xcode.lang.objcpp; };
		D7E572DE1BFD7F3400D92827 /* WPDipTransactionHelper.h */ = {isa = PBXFileReference; fileEncoding = 4; lastKnownFileType = sourcecode.c.h; lineEnding = 0; name = WPDipTransactionHelper.h; path = Internal/WPDipTransactionHelper.h; sourceTree = "<group>"; xcLanguageSpecificationIdentifier = xcode.lang.objcpp; };
		D7E572DF1BFD7F3400D92827 /* WPDipTransactionHelper.m */ = {isa = PBXFileReference; fileEncoding = 4; lastKnownFileType = sourcecode.c.objc; lineEnding = 0; name = WPDipTransactionHelper.m; path = Internal/WPDipTransactionHelper.m; sourceTree = "<group>"; xcLanguageSpecificationIdentifier = xcode.lang.objc; };
/* End PBXFileReference section */

/* Begin PBXFrameworksBuildPhase section */
		573054B11A02F4DD00EA5FEE /* Frameworks */ = {
			isa = PBXFrameworksBuildPhase;
			buildActionMask = 2147483647;
			files = (
				7E2B015C1DF23A460054EB1B /* ExternalAccessory.framework in Frameworks */,
				9CCEFD071D3966F400CABD00 /* RUA_MFI.framework in Frameworks */,
				D7378ADB1E4E80CC00CDB7BC /* TrustDefender.framework in Frameworks */,
				D77FBA1B1D9D87A90078961A /* G4XSwiper.framework in Frameworks */,
				7E2B01591DF237D00054EB1B /* RKI_MFI.framework in Frameworks */,
				570694011A0306FB00182EA2 /* SystemConfiguration.framework in Frameworks */,
				9CCEFD061D3966F400CABD00 /* RPx_MFI.framework in Frameworks */,
			);
			runOnlyForDeploymentPostprocessing = 0;
		};
		573054BC1A02F4DD00EA5FEE /* Frameworks */ = {
			isa = PBXFrameworksBuildPhase;
			buildActionMask = 2147483647;
			files = (
				D792C3361E5E8EB400A624F0 /* TrustDefender.framework in Frameworks */,
				D7378ADF1E4E8C7E00CDB7BC /* libz.tbd in Frameworks */,
				C3978CF31E301B25002B2F0D /* G4XSwiper.framework in Frameworks */,
				C3978CF41E301B25002B2F0D /* RKI_MFI.framework in Frameworks */,
				C3978CF51E301B25002B2F0D /* RPx_MFI.framework in Frameworks */,
				C3978CF61E301B25002B2F0D /* RUA_MFI.framework in Frameworks */,
				7ECF64611DF60B3700C88051 /* ExternalAccessory.framework in Frameworks */,
				7ECF64601DF60B0500C88051 /* libstdc++.tbd in Frameworks */,
				9CE3E9301D481EC200C3A134 /* libstdc++.6.0.9.tbd in Frameworks */,
				57D0842D1B01825000CD35CE /* AVFoundation.framework in Frameworks */,
				57D0842B1B0181F300CD35CE /* CoreLocation.framework in Frameworks */,
				57D084251B0181CC00CD35CE /* AudioToolbox.framework in Frameworks */,
				57D084261B0181CC00CD35CE /* CoreBluetooth.framework in Frameworks */,
				57D084271B0181CC00CD35CE /* CoreTelephony.framework in Frameworks */,
				57D084291B0181CC00CD35CE /* MediaPlayer.framework in Frameworks */,
				57D0841F1B0181CC00CD35CE /* SystemConfiguration.framework in Frameworks */,
				573054C01A02F4DD00EA5FEE /* libWePay.a in Frameworks */,
			);
			runOnlyForDeploymentPostprocessing = 0;
		};
/* End PBXFrameworksBuildPhase section */

/* Begin PBXGroup section */
		570693981A02FE3600182EA2 /* Libs */ = {
			isa = PBXGroup;
			children = (
				D7378ADA1E4E80CC00CDB7BC /* TrustDefender.framework */,
				9CE3E92F1D481EC200C3A134 /* libstdc++.6.0.9.tbd */,
				7E2B015B1DF23A460054EB1B /* ExternalAccessory.framework */,
				7E2B01581DF237D00054EB1B /* RKI_MFI.framework */,
				D77FBA1A1D9D87A90078961A /* G4XSwiper.framework */,
				9CCEFD031D3966F400CABD00 /* RPx_MFI.framework */,
				9CCEFD041D3966F400CABD00 /* RUA_MFI.framework */,
				57D0842C1B01825000CD35CE /* AVFoundation.framework */,
				57D0842A1B0181F300CD35CE /* CoreLocation.framework */,
				57D084201B0181CC00CD35CE /* AudioToolbox.framework */,
				57D084211B0181CC00CD35CE /* CoreBluetooth.framework */,
				57D084221B0181CC00CD35CE /* CoreTelephony.framework */,
				57D084241B0181CC00CD35CE /* MediaPlayer.framework */,
				570694001A0306FB00182EA2 /* SystemConfiguration.framework */,
			);
			path = Libs;
			sourceTree = "<group>";
		};
		57178B9A1A0A045A00C03F13 /* Models */ = {
			isa = PBXGroup;
			children = (
				572711351AF05AAA00B45498 /* WPAddress.h */,
				572711361AF05AAA00B45498 /* WPAddress.m */,
				57FF3CAC1A0D9BA600D460E7 /* WPConfig.h */,
				57FF3CAD1A0D9BA600D460E7 /* WPConfig.m */,
				57178BA31A0ADD2000C03F13 /* WPPaymentInfo.h */,
				57178BA41A0ADD2000C03F13 /* WPPaymentInfo.m */,
				57FF3CB81A0DB55500D460E7 /* WPPaymentToken.h */,
				57FF3CB91A0DB55500D460E7 /* WPPaymentToken.m */,
				57C2DD8B1B59B5F10048F046 /* WPAuthorizationInfo.h */,
				57C2DD8C1B59B5F10048F046 /* WPAuthorizationInfo.m */,
				9CB0B8E71D3EEC62004B7347 /* WPMockConfig.h */,
				9CB0B8E81D3EEC62004B7347 /* WPMockConfig.m */,
			);
			name = Models;
			sourceTree = "<group>";
		};
		573054AB1A02F4DD00EA5FEE = {
			isa = PBXGroup;
			children = (
				C3D1EF6E1E8B5134004BD033 /* WePay-Prefix.pch */,
				573054B61A02F4DD00EA5FEE /* WePay */,
				573054C31A02F4DD00EA5FEE /* WePayTests */,
				573054B51A02F4DD00EA5FEE /* Products */,
				7ECF645E1DF60B0500C88051 /* Frameworks */,
			);
			sourceTree = "<group>";
		};
		573054B51A02F4DD00EA5FEE /* Products */ = {
			isa = PBXGroup;
			children = (
				573054B41A02F4DD00EA5FEE /* libWePay.a */,
				573054BF1A02F4DD00EA5FEE /* WePayTests.xctest */,
			);
			name = Products;
			sourceTree = "<group>";
		};
		573054B61A02F4DD00EA5FEE /* WePay */ = {
			isa = PBXGroup;
			children = (
				574174101A4A5DE900B73D95 /* WPError.h */,
				573054B71A02F4DD00EA5FEE /* WePay.h */,
				573054B91A02F4DD00EA5FEE /* WePay.m */,
				57664BD81A1AEE880092B3AA /* Internal */,
				57178B9A1A0A045A00C03F13 /* Models */,
				570693981A02FE3600182EA2 /* Libs */,
				C3D1EF781E8DCB8D004BD033 /* WPConstantsExternal.h */,
				C3D1EF791E8DCB8D004BD033 /* WPConstantsExternal.m */,
			);
			path = WePay;
			sourceTree = "<group>";
		};
		573054C31A02F4DD00EA5FEE /* WePayTests */ = {
			isa = PBXGroup;
			children = (
				573054C41A02F4DD00EA5FEE /* Supporting Files */,
				D7BEAD0F1D82077A0071C023 /* Test Delegates */,
				9CE3E9441D494EF400C3A134 /* IntegrationTest.m */,
				D7765B831DFF6B0A0030CDCA /* IntegrationTestCardReader.m */,
				D74B4B171DF7A939002416D5 /* IntegrationTestConfig.m */,
				9C59540C1D67BE5D008F7596 /* UnitTestWPTransactionUtilities.m */,
				9C59540D1D67BE5D008F7596 /* UnitTestWPDipTransactionHelper.m */,
				C392CCFA1E53BA8B00BED4A0 /* UnitTestWPUserDefaultsHelper.m */,
				C36C19671E92ECA000DEA375 /* UnitTestLogConfiguration.m */,
			);
			path = WePayTests;
			sourceTree = "<group>";
		};
		573054C41A02F4DD00EA5FEE /* Supporting Files */ = {
			isa = PBXGroup;
			children = (
				573054C51A02F4DD00EA5FEE /* Info.plist */,
			);
			name = "Supporting Files";
			sourceTree = "<group>";
		};
		57664BD81A1AEE880092B3AA /* Internal */ = {
			isa = PBXGroup;
			children = (
				9CCEFCE91D3832F600CABD00 /* mock */,
				57C6BB231B7417DD00B3F347 /* Card Reader */,
				C3D1EF741E8B54B5004BD033 /* WPGlobals.h */,
				C3D1EF751E8B54B5004BD033 /* WPGlobals.m */,
				57CBBD651B3908250095E2DD /* WePay_CardReaderDirector.h */,
				57CBBD641B3908250095E2DD /* WePay_CardReaderDirector.m */,
				57C754BC1B44DE9C007E5650 /* WePay_Checkout.h */,
				57C754BD1B44DE9C007E5650 /* WePay_Checkout.m */,
				574173FC1A3F8A4B00B73D95 /* WePay_Manual.h */,
				574173FD1A3F8A4B00B73D95 /* WePay_Manual.m */,
				574174001A3F8C5400B73D95 /* WPClient.h */,
				574174011A3F8C5400B73D95 /* WPClient.m */,
				D7E572CD1BFD690300D92827 /* WPClientHelper.h */,
				D7E572CE1BFD690300D92827 /* WPClientHelper.m */,
				574174161A4A604C00B73D95 /* WPError+internal.h */,
				574174171A4A604C00B73D95 /* WPError+internal.m */,
				57CB38291ACCCF4C00C8A6B2 /* WPRiskHelper.h */,
				57CB382A1ACCCF4C00C8A6B2 /* WPRiskHelper.m */,
				C31E813E1E5782B400D2E228 /* WPUserDefaultsHelper.h */,
				C31E813F1E5782B400D2E228 /* WPUserDefaultsHelper.m */,
			);
			name = Internal;
			sourceTree = "<group>";
		};
		57C6BB231B7417DD00B3F347 /* Card Reader */ = {
			isa = PBXGroup;
			children = (
				7ECF64661DF86C0400C88051 /* Utilities */,
				D7E572D31BFD740700D92827 /* Helpers */,
				D7E572D21BFD73EA00D92827 /* Managers */,
			);
			name = "Card Reader";
			sourceTree = "<group>";
		};
		7ECF645E1DF60B0500C88051 /* Frameworks */ = {
			isa = PBXGroup;
			children = (
				D7378ADE1E4E8C7E00CDB7BC /* libz.tbd */,
				7ECF645F1DF60B0500C88051 /* libstdc++.tbd */,
			);
			name = Frameworks;
			sourceTree = "<group>";
		};
		7ECF64661DF86C0400C88051 /* Utilities */ = {
			isa = PBXGroup;
			children = (
				C3BDFEEF1EA1308000900C7F /* WPTransactionUtilities.h */,
				C3BDFEF01EA1308000900C7F /* WPTransactionUtilities.m */,
			);
			name = Utilities;
			sourceTree = "<group>";
		};
		9CCEFCE91D3832F600CABD00 /* mock */ = {
			isa = PBXGroup;
			children = (
				C3BDFEE31EA1303900900C7F /* WPMockRoamDeviceManager.h */,
				C3BDFEE41EA1303900900C7F /* WPMockRoamDeviceManager.m */,
				C3BDFEE71EA1305A00900C7F /* WPMockRoamTransactionManager.h */,
				C3BDFEE81EA1305A00900C7F /* WPMockRoamTransactionManager.m */,
				C3BDFEEB1EA1307000900C7F /* WPMockRoamConfigurationManager.h */,
				C3BDFEEC1EA1307000900C7F /* WPMockRoamConfigurationManager.m */,
			);
			name = mock;
			sourceTree = "<group>";
		};
		D7BEAD0F1D82077A0071C023 /* Test Delegates */ = {
			isa = PBXGroup;
			children = (
				9C3288951D4FC34A0026AF58 /* TestAuthorizationDelegate.h */,
				9C3288961D4FC34A0026AF58 /* TestAuthorizationDelegate.m */,
				D7BEAD0A1D8206590071C023 /* TestBatteryLevelDelegate.h */,
				D7BEAD0B1D8206590071C023 /* TestBatteryLevelDelegate.m */,
				9CE3E94A1D49785400C3A134 /* TestCardReaderDelegate.h */,
				9CE3E94B1D49785400C3A134 /* TestCardReaderDelegate.m */,
				9CF9C2841D51077300DEDC21 /* TestCheckoutDelegate.h */,
				9CF9C2851D51077300DEDC21 /* TestCheckoutDelegate.m */,
				9CE3E9461D495BAC00C3A134 /* TestTokenizationDelegate.h */,
				9CE3E9471D495BAC00C3A134 /* TestTokenizationDelegate.m */,
			);
			name = "Test Delegates";
			sourceTree = "<group>";
		};
		D7E572D21BFD73EA00D92827 /* Managers */ = {
			isa = PBXGroup;
			children = (
				57769AF91B7190F8007BE0FA /* WPIngenicoCardReaderManager.h */,
				57769AFA1B7190F8007BE0FA /* WPIngenicoCardReaderManager.m */,
			);
			name = Managers;
			sourceTree = "<group>";
		};
		D7E572D31BFD740700D92827 /* Helpers */ = {
			isa = PBXGroup;
			children = (
				D7BEAD051D77BC0A0071C023 /* WPBatteryHelper.h */,
				D7BEAD061D77BC0A0071C023 /* WPBatteryHelper.m */,
				D7E572DA1BFD7E9E00D92827 /* WPDipConfigHelper.h */,
				D7E572D91BFD7E9E00D92827 /* WPDipConfigHelper.m */,
				D7E572DE1BFD7F3400D92827 /* WPDipTransactionHelper.h */,
				D7E572DF1BFD7F3400D92827 /* WPDipTransactionHelper.m */,
				D7E572C81BFC0DF900D92827 /* WPExternalCardReaderHelper.h */,
				D7E572C91BFC0DF900D92827 /* WPExternalCardReaderHelper.m */,
				57769AF51B718A7C007BE0FA /* WPRoamHelper.h */,
				57769AF61B718A7C007BE0FA /* WPRoamHelper.m */,
				C3BDFEF31EA1309500900C7F /* WPIngenicoCardReaderDetector.h */,
				C3BDFEF41EA1309500900C7F /* WPIngenicoCardReaderDetector.m */,
			);
			name = Helpers;
			sourceTree = "<group>";
		};
/* End PBXGroup section */

/* Begin PBXHeadersBuildPhase section */
		5706938E1A02F8A200182EA2 /* Headers */ = {
			isa = PBXHeadersBuildPhase;
			buildActionMask = 2147483647;
			files = (
				D7E572E01BFD7F3400D92827 /* WPDipTransactionHelper.h in Headers */,
				5706938F1A02F8B200182EA2 /* WePay.h in Headers */,
				572711371AF05AAA00B45498 /* WPAddress.h in Headers */,
				57FF3CAE1A0D9BA600D460E7 /* WPConfig.h in Headers */,
				57CB382B1ACCCF4C00C8A6B2 /* WPRiskHelper.h in Headers */,
				9CB0B8E91D3EEC62004B7347 /* WPMockConfig.h in Headers */,
				C3BDFEE51EA1303900900C7F /* WPMockRoamDeviceManager.h in Headers */,
				574174121A4A5DE900B73D95 /* WPError.h in Headers */,
				57C2DD8D1B59B5F10048F046 /* WPAuthorizationInfo.h in Headers */,
				C3D1EF7A1E8DCB8D004BD033 /* WPConstantsExternal.h in Headers */,
				D7E572CF1BFD690300D92827 /* WPClientHelper.h in Headers */,
				57CBBD671B3908250095E2DD /* WePay_CardReaderDirector.h in Headers */,
				57FF3CBA1A0DB55500D460E7 /* WPPaymentToken.h in Headers */,
				D7E572DD1BFD7E9E00D92827 /* WPDipConfigHelper.h in Headers */,
				C3BDFEF51EA1309500900C7F /* WPIngenicoCardReaderDetector.h in Headers */,
				C3BDFEE91EA1305A00900C7F /* WPMockRoamTransactionManager.h in Headers */,
				57769AF71B718A7C007BE0FA /* WPRoamHelper.h in Headers */,
				574174021A3F8C5400B73D95 /* WPClient.h in Headers */,
				57178BA51A0ADD2000C03F13 /* WPPaymentInfo.h in Headers */,
				D7BEAD071D77BC0A0071C023 /* WPBatteryHelper.h in Headers */,
				C3BDFEF11EA1308000900C7F /* WPTransactionUtilities.h in Headers */,
				C3BDFEED1EA1307000900C7F /* WPMockRoamConfigurationManager.h in Headers */,
				574173FE1A3F8A4C00B73D95 /* WePay_Manual.h in Headers */,
				57C754BE1B44DE9C007E5650 /* WePay_Checkout.h in Headers */,
				574174181A4A604C00B73D95 /* WPError+internal.h in Headers */,
				57769AFB1B7190F8007BE0FA /* WPIngenicoCardReaderManager.h in Headers */,
				C3D1EF761E8B54B5004BD033 /* WPGlobals.h in Headers */,
				C31E81401E5782B400D2E228 /* WPUserDefaultsHelper.h in Headers */,
				D7E572CA1BFC0DF900D92827 /* WPExternalCardReaderHelper.h in Headers */,
			);
			runOnlyForDeploymentPostprocessing = 0;
		};
/* End PBXHeadersBuildPhase section */

/* Begin PBXNativeTarget section */
		573054B31A02F4DD00EA5FEE /* WePay */ = {
			isa = PBXNativeTarget;
			buildConfigurationList = 573054C81A02F4DD00EA5FEE /* Build configuration list for PBXNativeTarget "WePay" */;
			buildPhases = (
				573054B01A02F4DD00EA5FEE /* Sources */,
				573054B11A02F4DD00EA5FEE /* Frameworks */,
				573054B21A02F4DD00EA5FEE /* CopyFiles */,
				5706938E1A02F8A200182EA2 /* Headers */,
				570693901A02FA6E00182EA2 /* Build Framework */,
			);
			buildRules = (
			);
			dependencies = (
			);
			name = WePay;
			productName = WePay;
			productReference = 573054B41A02F4DD00EA5FEE /* libWePay.a */;
			productType = "com.apple.product-type.library.static";
		};
		573054BE1A02F4DD00EA5FEE /* WePayTests */ = {
			isa = PBXNativeTarget;
			buildConfigurationList = 573054CB1A02F4DD00EA5FEE /* Build configuration list for PBXNativeTarget "WePayTests" */;
			buildPhases = (
				573054BB1A02F4DD00EA5FEE /* Sources */,
				573054BC1A02F4DD00EA5FEE /* Frameworks */,
				573054BD1A02F4DD00EA5FEE /* Resources */,
			);
			buildRules = (
			);
			dependencies = (
				573054C21A02F4DD00EA5FEE /* PBXTargetDependency */,
			);
			name = WePayTests;
			productName = WePayTests;
			productReference = 573054BF1A02F4DD00EA5FEE /* WePayTests.xctest */;
			productType = "com.apple.product-type.bundle.unit-test";
		};
/* End PBXNativeTarget section */

/* Begin PBXProject section */
		573054AC1A02F4DD00EA5FEE /* Project object */ = {
			isa = PBXProject;
			attributes = {
				LastUpgradeCheck = 0610;
				ORGANIZATIONNAME = WePay;
				TargetAttributes = {
					570693911A02FAEA00182EA2 = {
						CreatedOnToolsVersion = 6.1;
					};
					573054B31A02F4DD00EA5FEE = {
						CreatedOnToolsVersion = 6.1;
					};
					573054BE1A02F4DD00EA5FEE = {
						CreatedOnToolsVersion = 6.1;
						DevelopmentTeam = 465TZFQ6HR;
					};
				};
			};
			buildConfigurationList = 573054AF1A02F4DD00EA5FEE /* Build configuration list for PBXProject "WePay" */;
			compatibilityVersion = "Xcode 3.2";
			developmentRegion = English;
			hasScannedForEncodings = 0;
			knownRegions = (
				en,
			);
			mainGroup = 573054AB1A02F4DD00EA5FEE;
			productRefGroup = 573054B51A02F4DD00EA5FEE /* Products */;
			projectDirPath = "";
			projectRoot = "";
			targets = (
				573054B31A02F4DD00EA5FEE /* WePay */,
				573054BE1A02F4DD00EA5FEE /* WePayTests */,
				570693911A02FAEA00182EA2 /* Framework */,
			);
		};
/* End PBXProject section */

/* Begin PBXResourcesBuildPhase section */
		573054BD1A02F4DD00EA5FEE /* Resources */ = {
			isa = PBXResourcesBuildPhase;
			buildActionMask = 2147483647;
			files = (
			);
			runOnlyForDeploymentPostprocessing = 0;
		};
/* End PBXResourcesBuildPhase section */

/* Begin PBXShellScriptBuildPhase section */
		570693901A02FA6E00182EA2 /* Build Framework */ = {
			isa = PBXShellScriptBuildPhase;
			buildActionMask = 2147483647;
			files = (
			);
			inputPaths = (
			);
			name = "Build Framework";
			outputPaths = (
			);
			runOnlyForDeploymentPostprocessing = 0;
			shellPath = /bin/sh;
			shellScript = "set -e\n\nexport FRAMEWORK_LOCN=\"${BUILT_PRODUCTS_DIR}/${PRODUCT_NAME}.framework\"\n\n# Create the path to the real Headers dir\nmkdir -p \"${FRAMEWORK_LOCN}/Versions/A/Headers\"\n\n# Create the required symlinks\n/bin/ln -sfh A \"${FRAMEWORK_LOCN}/Versions/Current\"\n/bin/ln -sfh Versions/Current/Headers \"${FRAMEWORK_LOCN}/Headers\"\n/bin/ln -sfh \"Versions/Current/${PRODUCT_NAME}\" \\\n\"${FRAMEWORK_LOCN}/${PRODUCT_NAME}\"\n\n# Copy the public headers into the framework\n/bin/cp -a \"${TARGET_BUILD_DIR}/${PUBLIC_HEADERS_FOLDER_PATH}/\" \\\n\"${FRAMEWORK_LOCN}/Versions/A/Headers\"";
		};
		570693971A02FB1200182EA2 /* MultiPlatform Build */ = {
			isa = PBXShellScriptBuildPhase;
			buildActionMask = 2147483647;
			files = (
			);
			inputPaths = (
			);
			name = "MultiPlatform Build";
			outputPaths = (
			);
			runOnlyForDeploymentPostprocessing = 0;
			shellPath = /bin/sh;
			shellScript = "set -e\n\n# If we're already inside this script then die\nif [ -n \"$RW_MULTIPLATFORM_BUILD_IN_PROGRESS\" ]; then\nexit 0\nfi\nexport RW_MULTIPLATFORM_BUILD_IN_PROGRESS=1\n\nRW_FRAMEWORK_NAME=${PROJECT_NAME}\nRW_INPUT_STATIC_LIB=\"lib${PROJECT_NAME}.a\"\nRW_FRAMEWORK_LOCATION=\"${BUILT_PRODUCTS_DIR}/${RW_FRAMEWORK_NAME}.framework\"\n\nfunction build_static_library {\n    # Will rebuild the static library as specified\n    #     build_static_library sdk\n    xcrun xcodebuild -project \"${PROJECT_FILE_PATH}\" \\\n    -target \"${TARGET_NAME}\" \\\n    -configuration \"${CONFIGURATION}\" \\\n    -sdk \"${1}\" \\\n    ONLY_ACTIVE_ARCH=NO \\\n    BUILD_DIR=\"${BUILD_DIR}\" \\\n    OBJROOT=\"${OBJROOT}\" \\\n    BUILD_ROOT=\"${BUILD_ROOT}\" \\\n    SYMROOT=\"${SYMROOT}\" $ACTION\n}\n\nfunction make_fat_library {\n    # Will smash 2 static libs together\n    #     make_fat_library in1 in2 out\n    xcrun lipo -create \"${1}\" \"${2}\" -output \"${3}\"\n}\n\n# 1 - Extract the platform (iphoneos/iphonesimulator) from the SDK name\nif [[ \"$SDK_NAME\" =~ ([A-Za-z]+) ]]; then\nRW_SDK_PLATFORM=${BASH_REMATCH[1]}\nelse\necho \"Could not find platform name from SDK_NAME: $SDK_NAME\"\nexit 1\nfi\n\n# 2 - Extract the version from the SDK\nif [[ \"$SDK_NAME\" =~ ([0-9]+.*$) ]]; then\nRW_SDK_VERSION=${BASH_REMATCH[1]}\nelse\necho \"Could not find sdk version from SDK_NAME: $SDK_NAME\"\nexit 1\nfi\n\n# 3 - Determine the other platform\nif [ \"$RW_SDK_PLATFORM\" == \"iphoneos\" ]; then\nRW_OTHER_PLATFORM=iphonesimulator\nelse\nRW_OTHER_PLATFORM=iphoneos\nfi\n\n# 4 - Find the build directory\nif [[ \"$BUILT_PRODUCTS_DIR\" =~ (.*)$RW_SDK_PLATFORM$ ]]; then\nRW_OTHER_BUILT_PRODUCTS_DIR=\"${BASH_REMATCH[1]}${RW_OTHER_PLATFORM}\"\nelse\necho \"Could not find other platform build directory.\"\nexit 1\nfi\n\n# Build the other platform.\nbuild_static_library \"${RW_OTHER_PLATFORM}${RW_SDK_VERSION}\"\n\n# If we're currently building for iphonesimulator, then need to rebuild\n#   to ensure that we get both i386 and x86_64\nif [ \"$RW_SDK_PLATFORM\" == \"iphonesimulator\" ]; then\nbuild_static_library \"${SDK_NAME}\"\nfi\n\n# Join the 2 static libs into 1 and push into the .framework\nmake_fat_library \"${BUILT_PRODUCTS_DIR}/${RW_INPUT_STATIC_LIB}\" \\\n\"${RW_OTHER_BUILT_PRODUCTS_DIR}/${RW_INPUT_STATIC_LIB}\" \\\n\"${RW_FRAMEWORK_LOCATION}/Versions/A/${RW_FRAMEWORK_NAME}\"\n\n# Ensure that the framework is present in both platform's build directories\ncp -a \"${RW_FRAMEWORK_LOCATION}/Versions/A/${RW_FRAMEWORK_NAME}\" \\\n\"${RW_OTHER_BUILT_PRODUCTS_DIR}/${RW_FRAMEWORK_NAME}.framework/Versions/A/${RW_FRAMEWORK_NAME}\"\n\n# Copy the framework to the build directory\nditto \"${RW_FRAMEWORK_LOCATION}\" \"${PROJECT_FILE_PATH}/../Build/${RW_FRAMEWORK_NAME}.framework\"\n\n# Copy the framework to the WePayExample Libs directory\nrm -rf \"${PROJECT_FILE_PATH}/../WePayExample/WePayExample/Libs/${RW_FRAMEWORK_NAME}.framework\"\nditto \"${RW_FRAMEWORK_LOCATION}\" \"${PROJECT_FILE_PATH}/../WePayExample/WePayExample/Libs/${RW_FRAMEWORK_NAME}.framework\"";
		};
/* End PBXShellScriptBuildPhase section */

/* Begin PBXSourcesBuildPhase section */
		573054B01A02F4DD00EA5FEE /* Sources */ = {
			isa = PBXSourcesBuildPhase;
			buildActionMask = 2147483647;
			files = (
				573054BA1A02F4DD00EA5FEE /* WePay.m in Sources */,
				9CB0B8EA1D3EEC62004B7347 /* WPMockConfig.m in Sources */,
				C3BDFEF21EA1308000900C7F /* WPTransactionUtilities.m in Sources */,
				D7E572D01BFD690300D92827 /* WPClientHelper.m in Sources */,
				57C754BF1B44DE9C007E5650 /* WePay_Checkout.m in Sources */,
				574174031A3F8C5400B73D95 /* WPClient.m in Sources */,
				57769AF81B718A7C007BE0FA /* WPRoamHelper.m in Sources */,
				57769AFC1B7190F8007BE0FA /* WPIngenicoCardReaderManager.m in Sources */,
				C3BDFEE61EA1303900900C7F /* WPMockRoamDeviceManager.m in Sources */,
				572711381AF05AAA00B45498 /* WPAddress.m in Sources */,
				57C2DD8E1B59B5F10048F046 /* WPAuthorizationInfo.m in Sources */,
				57FF3CAF1A0D9BA600D460E7 /* WPConfig.m in Sources */,
				57178BA61A0ADD2000C03F13 /* WPPaymentInfo.m in Sources */,
				C3BDFEEA1EA1305A00900C7F /* WPMockRoamTransactionManager.m in Sources */,
				574173FF1A3F8A4C00B73D95 /* WePay_Manual.m in Sources */,
				C3BDFEEE1EA1307000900C7F /* WPMockRoamConfigurationManager.m in Sources */,
				D7BEAD081D77BC0A0071C023 /* WPBatteryHelper.m in Sources */,
				57CB382C1ACCCF4C00C8A6B2 /* WPRiskHelper.m in Sources */,
				D7E572E11BFD7F3400D92827 /* WPDipTransactionHelper.m in Sources */,
				C3BDFEF61EA1309500900C7F /* WPIngenicoCardReaderDetector.m in Sources */,
				C3D1EF771E8B54B5004BD033 /* WPGlobals.m in Sources */,
				574174191A4A604C00B73D95 /* WPError+internal.m in Sources */,
				57FF3CBB1A0DB55500D460E7 /* WPPaymentToken.m in Sources */,
				C3D1EF7B1E8DCB8D004BD033 /* WPConstantsExternal.m in Sources */,
				C31E81411E5782B400D2E228 /* WPUserDefaultsHelper.m in Sources */,
				D7E572CB1BFC0DF900D92827 /* WPExternalCardReaderHelper.m in Sources */,
				D7E572DB1BFD7E9E00D92827 /* WPDipConfigHelper.m in Sources */,
				57CBBD661B3908250095E2DD /* WePay_CardReaderDirector.m in Sources */,
			);
			runOnlyForDeploymentPostprocessing = 0;
		};
		573054BB1A02F4DD00EA5FEE /* Sources */ = {
			isa = PBXSourcesBuildPhase;
			buildActionMask = 2147483647;
			files = (
				57C754C01B44DE9C007E5650 /* WePay_Checkout.m in Sources */,
				9C59540E1D67BE5D008F7596 /* UnitTestWPTransactionUtilities.m in Sources */,
				C392CCFB1E53BA8B00BED4A0 /* UnitTestWPUserDefaultsHelper.m in Sources */,
				9CE3E9481D495BAC00C3A134 /* TestTokenizationDelegate.m in Sources */,
				9CE3E94C1D49785400C3A134 /* TestCardReaderDelegate.m in Sources */,
				D74B4B181DF7A939002416D5 /* IntegrationTestConfig.m in Sources */,
				57C2DD8F1B59B5F10048F046 /* WPAuthorizationInfo.m in Sources */,
				C36C19681E92ECA000DEA375 /* UnitTestLogConfiguration.m in Sources */,
				D7E572CC1BFC0DF900D92827 /* WPExternalCardReaderHelper.m in Sources */,
				D7E572E21BFD7F3500D92827 /* WPDipTransactionHelper.m in Sources */,
				9C59540F1D67BE5D008F7596 /* UnitTestWPDipTransactionHelper.m in Sources */,
				9CF9C2861D51077300DEDC21 /* TestCheckoutDelegate.m in Sources */,
				D7765B841DFF6B0A0030CDCA /* IntegrationTestCardReader.m in Sources */,
				9CE3E9451D494EF400C3A134 /* IntegrationTest.m in Sources */,
				D7E572D11BFD690300D92827 /* WPClientHelper.m in Sources */,
				9C3288971D4FC34A0026AF58 /* TestAuthorizationDelegate.m in Sources */,
				D7BEAD091D77BC0A0071C023 /* WPBatteryHelper.m in Sources */,
				D7BEAD0E1D8206590071C023 /* TestBatteryLevelDelegate.m in Sources */,
				D7E572DC1BFD7E9E00D92827 /* WPDipConfigHelper.m in Sources */,
			);
			runOnlyForDeploymentPostprocessing = 0;
		};
/* End PBXSourcesBuildPhase section */

/* Begin PBXTargetDependency section */
		570693961A02FB0800182EA2 /* PBXTargetDependency */ = {
			isa = PBXTargetDependency;
			target = 573054B31A02F4DD00EA5FEE /* WePay */;
			targetProxy = 570693951A02FB0800182EA2 /* PBXContainerItemProxy */;
		};
		573054C21A02F4DD00EA5FEE /* PBXTargetDependency */ = {
			isa = PBXTargetDependency;
			target = 573054B31A02F4DD00EA5FEE /* WePay */;
			targetProxy = 573054C11A02F4DD00EA5FEE /* PBXContainerItemProxy */;
		};
/* End PBXTargetDependency section */

/* Begin XCBuildConfiguration section */
		570693931A02FAEA00182EA2 /* Debug */ = {
			isa = XCBuildConfiguration;
			buildSettings = {
				IPHONEOS_DEPLOYMENT_TARGET = 8.0;
				ONLY_ACTIVE_ARCH = NO;
				PRODUCT_NAME = "$(TARGET_NAME)";
			};
			name = Debug;
		};
		570693941A02FAEA00182EA2 /* Release */ = {
			isa = XCBuildConfiguration;
			buildSettings = {
				IPHONEOS_DEPLOYMENT_TARGET = 8.0;
				ONLY_ACTIVE_ARCH = NO;
				PRODUCT_NAME = "$(TARGET_NAME)";
			};
			name = Release;
		};
		573054C61A02F4DD00EA5FEE /* Debug */ = {
			isa = XCBuildConfiguration;
			buildSettings = {
				ALWAYS_SEARCH_USER_PATHS = NO;
				CLANG_CXX_LANGUAGE_STANDARD = "gnu++0x";
				CLANG_CXX_LIBRARY = "libc++";
				CLANG_ENABLE_MODULES = YES;
				CLANG_ENABLE_OBJC_ARC = YES;
				CLANG_WARN_BOOL_CONVERSION = YES;
				CLANG_WARN_CONSTANT_CONVERSION = YES;
				CLANG_WARN_DIRECT_OBJC_ISA_USAGE = YES_ERROR;
				CLANG_WARN_EMPTY_BODY = YES;
				CLANG_WARN_ENUM_CONVERSION = YES;
				CLANG_WARN_INT_CONVERSION = YES;
				CLANG_WARN_OBJC_ROOT_CLASS = YES_ERROR;
				CLANG_WARN_UNREACHABLE_CODE = YES;
				CLANG_WARN__DUPLICATE_METHOD_MATCH = YES;
				COPY_PHASE_STRIP = NO;
				ENABLE_STRICT_OBJC_MSGSEND = YES;
				GCC_C_LANGUAGE_STANDARD = gnu99;
				GCC_DYNAMIC_NO_PIC = NO;
				GCC_OPTIMIZATION_LEVEL = 0;
				GCC_PRECOMPILE_PREFIX_HEADER = YES;
				GCC_PREFIX_HEADER = "WePay/WePay-Prefix.pch";
				GCC_PREPROCESSOR_DEFINITIONS = (
					"DEBUG=1",
					"$(inherited)",
				);
				GCC_SYMBOLS_PRIVATE_EXTERN = NO;
				GCC_WARN_64_TO_32_BIT_CONVERSION = YES;
				GCC_WARN_ABOUT_RETURN_TYPE = YES_ERROR;
				GCC_WARN_UNDECLARED_SELECTOR = YES;
				GCC_WARN_UNINITIALIZED_AUTOS = YES_AGGRESSIVE;
				GCC_WARN_UNUSED_FUNCTION = YES;
				GCC_WARN_UNUSED_VARIABLE = YES;
				IPHONEOS_DEPLOYMENT_TARGET = 7.0;
				MTL_ENABLE_DEBUG_INFO = YES;
				ONLY_ACTIVE_ARCH = NO;
				SDKROOT = iphoneos;
			};
			name = Debug;
		};
		573054C71A02F4DD00EA5FEE /* Release */ = {
			isa = XCBuildConfiguration;
			buildSettings = {
				ALWAYS_SEARCH_USER_PATHS = NO;
				CLANG_CXX_LANGUAGE_STANDARD = "gnu++0x";
				CLANG_CXX_LIBRARY = "libc++";
				CLANG_ENABLE_MODULES = YES;
				CLANG_ENABLE_OBJC_ARC = YES;
				CLANG_WARN_BOOL_CONVERSION = YES;
				CLANG_WARN_CONSTANT_CONVERSION = YES;
				CLANG_WARN_DIRECT_OBJC_ISA_USAGE = YES_ERROR;
				CLANG_WARN_EMPTY_BODY = YES;
				CLANG_WARN_ENUM_CONVERSION = YES;
				CLANG_WARN_INT_CONVERSION = YES;
				CLANG_WARN_OBJC_ROOT_CLASS = YES_ERROR;
				CLANG_WARN_UNREACHABLE_CODE = YES;
				CLANG_WARN__DUPLICATE_METHOD_MATCH = YES;
				COPY_PHASE_STRIP = YES;
				ENABLE_NS_ASSERTIONS = NO;
				ENABLE_STRICT_OBJC_MSGSEND = YES;
				GCC_C_LANGUAGE_STANDARD = gnu99;
				GCC_PRECOMPILE_PREFIX_HEADER = YES;
				GCC_PREFIX_HEADER = "WePay/WePay-Prefix.pch";
				GCC_WARN_64_TO_32_BIT_CONVERSION = YES;
				GCC_WARN_ABOUT_RETURN_TYPE = YES_ERROR;
				GCC_WARN_UNDECLARED_SELECTOR = YES;
				GCC_WARN_UNINITIALIZED_AUTOS = YES_AGGRESSIVE;
				GCC_WARN_UNUSED_FUNCTION = YES;
				GCC_WARN_UNUSED_VARIABLE = YES;
				IPHONEOS_DEPLOYMENT_TARGET = 7.0;
				MTL_ENABLE_DEBUG_INFO = NO;
				ONLY_ACTIVE_ARCH = NO;
				SDKROOT = iphoneos;
				VALIDATE_PRODUCT = YES;
			};
			name = Release;
		};
		573054C91A02F4DD00EA5FEE /* Debug */ = {
			isa = XCBuildConfiguration;
			buildSettings = {
				ARCHS = (
					"$(ARCHS_STANDARD)",
					armv7s,
				);
				CODE_SIGN_IDENTITY = "iPhone Developer";
				DEAD_CODE_STRIPPING = NO;
				DEFINES_MODULE = NO;
				FRAMEWORK_SEARCH_PATHS = (
					"$(inherited)",
					"$(PROJECT_DIR)/WePay/Libs",
				);
				IPHONEOS_DEPLOYMENT_TARGET = 8.0;
				ONLY_ACTIVE_ARCH = NO;
				OTHER_CFLAGS = "-DRUA_MFI";
				OTHER_LDFLAGS = "-ObjC";
				PRODUCT_NAME = "$(TARGET_NAME)";
				PUBLIC_HEADERS_FOLDER_PATH = "include/$(PROJECT_NAME)";
				SKIP_INSTALL = YES;
				STRIP_STYLE = "non-global";
			};
			name = Debug;
		};
		573054CA1A02F4DD00EA5FEE /* Release */ = {
			isa = XCBuildConfiguration;
			buildSettings = {
				ARCHS = (
					"$(ARCHS_STANDARD)",
					armv7s,
				);
				CODE_SIGN_IDENTITY = "iPhone Distribution";
				COPY_PHASE_STRIP = NO;
				DEAD_CODE_STRIPPING = NO;
				DEFINES_MODULE = NO;
				FRAMEWORK_SEARCH_PATHS = (
					"$(inherited)",
					"$(PROJECT_DIR)/WePay/Libs",
				);
				IPHONEOS_DEPLOYMENT_TARGET = 8.0;
				OTHER_CFLAGS = "-DRUA_MFI";
				OTHER_LDFLAGS = "-ObjC";
				PRODUCT_NAME = "$(TARGET_NAME)";
				PUBLIC_HEADERS_FOLDER_PATH = "include/$(PROJECT_NAME)";
				SKIP_INSTALL = YES;
				STRIP_STYLE = "non-global";
			};
			name = Release;
		};
		573054CC1A02F4DD00EA5FEE /* Debug */ = {
			isa = XCBuildConfiguration;
			buildSettings = {
				CLANG_ALLOW_NON_MODULAR_INCLUDES_IN_FRAMEWORK_MODULES = YES;
				CODE_SIGN_IDENTITY = "iPhone Developer";
				DEBUG_INFORMATION_FORMAT = dwarf;
				DEVELOPMENT_TEAM = 465TZFQ6HR;
				FRAMEWORK_SEARCH_PATHS = (
					"$(inherited)",
					"$(PROJECT_DIR)/WePay/Libs",
				);
				GCC_PREPROCESSOR_DEFINITIONS = (
					"DEBUG=1",
					"$(inherited)",
				);
				INFOPLIST_FILE = WePayTests/Info.plist;
				IPHONEOS_DEPLOYMENT_TARGET = 8.0;
				LD_RUNPATH_SEARCH_PATHS = "$(inherited) @executable_path/Frameworks @loader_path/Frameworks";
				ONLY_ACTIVE_ARCH = NO;
				OTHER_CFLAGS = "-DRUA_MFI";
				OTHER_LDFLAGS = (
					"$(inherited)",
					"-framework",
					XCTest,
				);
				PRODUCT_NAME = "$(TARGET_NAME)";
			};
			name = Debug;
		};
		573054CD1A02F4DD00EA5FEE /* Release */ = {
			isa = XCBuildConfiguration;
			buildSettings = {
				CLANG_ALLOW_NON_MODULAR_INCLUDES_IN_FRAMEWORK_MODULES = YES;
				CODE_SIGN_IDENTITY = "iPhone Distribution";
				DEBUG_INFORMATION_FORMAT = dwarf;
				DEVELOPMENT_TEAM = 465TZFQ6HR;
				FRAMEWORK_SEARCH_PATHS = (
					"$(inherited)",
					"$(PROJECT_DIR)/WePay/Libs",
				);
				INFOPLIST_FILE = WePayTests/Info.plist;
				IPHONEOS_DEPLOYMENT_TARGET = 8.0;
				LD_RUNPATH_SEARCH_PATHS = "$(inherited) @executable_path/Frameworks @loader_path/Frameworks";
				ONLY_ACTIVE_ARCH = NO;
				OTHER_CFLAGS = "-DRUA_MFI";
				OTHER_LDFLAGS = (
					"$(inherited)",
					"-framework",
					XCTest,
				);
				PRODUCT_NAME = "$(TARGET_NAME)";
			};
			name = Release;
		};
/* End XCBuildConfiguration section */

/* Begin XCConfigurationList section */
		570693921A02FAEA00182EA2 /* Build configuration list for PBXAggregateTarget "Framework" */ = {
			isa = XCConfigurationList;
			buildConfigurations = (
				570693931A02FAEA00182EA2 /* Debug */,
				570693941A02FAEA00182EA2 /* Release */,
			);
			defaultConfigurationIsVisible = 0;
			defaultConfigurationName = Release;
		};
		573054AF1A02F4DD00EA5FEE /* Build configuration list for PBXProject "WePay" */ = {
			isa = XCConfigurationList;
			buildConfigurations = (
				573054C61A02F4DD00EA5FEE /* Debug */,
				573054C71A02F4DD00EA5FEE /* Release */,
			);
			defaultConfigurationIsVisible = 0;
			defaultConfigurationName = Release;
		};
		573054C81A02F4DD00EA5FEE /* Build configuration list for PBXNativeTarget "WePay" */ = {
			isa = XCConfigurationList;
			buildConfigurations = (
				573054C91A02F4DD00EA5FEE /* Debug */,
				573054CA1A02F4DD00EA5FEE /* Release */,
			);
			defaultConfigurationIsVisible = 0;
			defaultConfigurationName = Release;
		};
		573054CB1A02F4DD00EA5FEE /* Build configuration list for PBXNativeTarget "WePayTests" */ = {
			isa = XCConfigurationList;
			buildConfigurations = (
				573054CC1A02F4DD00EA5FEE /* Debug */,
				573054CD1A02F4DD00EA5FEE /* Release */,
			);
			defaultConfigurationIsVisible = 0;
			defaultConfigurationName = Release;
		};
/* End XCConfigurationList section */
	};
	rootObject = 573054AC1A02F4DD00EA5FEE /* Project object */;
}
