// !$*UTF8*$!
{
	archiveVersion = 1;
	classes = {
	};
	objectVersion = 46;
	objects = {

/* Begin PBXBuildFile section */
		63B4776A242F27696957AA53 /* Pods_SwiftApp.framework in Frameworks */ = {isa = PBXBuildFile; fileRef = 20798957B5CFD53520367134 /* Pods_SwiftApp.framework */; };
		8D130FFD1BEABA1300F21F86 /* Settings.bundle in Resources */ = {isa = PBXBuildFile; fileRef = 8D130FFC1BEABA1300F21F86 /* Settings.bundle */; };
		8DAB3F6D1BDEE40400B8BA98 /* AppDelegate.swift in Sources */ = {isa = PBXBuildFile; fileRef = 8DAB3F6C1BDEE40400B8BA98 /* AppDelegate.swift */; };
		8DAB3F6F1BDEE40400B8BA98 /* ViewController.swift in Sources */ = {isa = PBXBuildFile; fileRef = 8DAB3F6E1BDEE40400B8BA98 /* ViewController.swift */; };
		8DAB3F721BDEE40400B8BA98 /* Main.storyboard in Resources */ = {isa = PBXBuildFile; fileRef = 8DAB3F701BDEE40400B8BA98 /* Main.storyboard */; };
		8DAB3F741BDEE40400B8BA98 /* Assets.xcassets in Resources */ = {isa = PBXBuildFile; fileRef = 8DAB3F731BDEE40400B8BA98 /* Assets.xcassets */; };
		8DAB3F771BDEE40400B8BA98 /* LaunchScreen.storyboard in Resources */ = {isa = PBXBuildFile; fileRef = 8DAB3F751BDEE40400B8BA98 /* LaunchScreen.storyboard */; };
		8DAB3F821BDEE40400B8BA98 /* SwiftAppTests.swift in Sources */ = {isa = PBXBuildFile; fileRef = 8DAB3F811BDEE40400B8BA98 /* SwiftAppTests.swift */; };
/* End PBXBuildFile section */

/* Begin PBXContainerItemProxy section */
		8DAB3F7E1BDEE40400B8BA98 /* PBXContainerItemProxy */ = {
			isa = PBXContainerItemProxy;
			containerPortal = 8DAB3F611BDEE40400B8BA98 /* Project object */;
			proxyType = 1;
			remoteGlobalIDString = 8DAB3F681BDEE40400B8BA98;
			remoteInfo = SwiftApp;
		};
/* End PBXContainerItemProxy section */

/* Begin PBXFileReference section */
		20798957B5CFD53520367134 /* Pods_SwiftApp.framework */ = {isa = PBXFileReference; explicitFileType = wrapper.framework; includeInIndex = 0; path = Pods_SwiftApp.framework; sourceTree = BUILT_PRODUCTS_DIR; };
		8D130FFC1BEABA1300F21F86 /* Settings.bundle */ = {isa = PBXFileReference; lastKnownFileType = "wrapper.plug-in"; name = Settings.bundle; path = ../Settings.bundle; sourceTree = "<group>"; };
		8D8033951C7B9F43004CEB7A /* SwiftApp-Bridging-Header.h */ = {isa = PBXFileReference; lastKnownFileType = sourcecode.c.h; path = "SwiftApp-Bridging-Header.h"; sourceTree = "<group>"; };
		8DAB3F691BDEE40400B8BA98 /* SwiftApp.app */ = {isa = PBXFileReference; explicitFileType = wrapper.application; includeInIndex = 0; path = SwiftApp.app; sourceTree = BUILT_PRODUCTS_DIR; };
		8DAB3F6C1BDEE40400B8BA98 /* AppDelegate.swift */ = {isa = PBXFileReference; lastKnownFileType = sourcecode.swift; path = AppDelegate.swift; sourceTree = "<group>"; };
		8DAB3F6E1BDEE40400B8BA98 /* ViewController.swift */ = {isa = PBXFileReference; lastKnownFileType = sourcecode.swift; path = ViewController.swift; sourceTree = "<group>"; };
		8DAB3F711BDEE40400B8BA98 /* Base */ = {isa = PBXFileReference; lastKnownFileType = file.storyboard; name = Base; path = Base.lproj/Main.storyboard; sourceTree = "<group>"; };
		8DAB3F731BDEE40400B8BA98 /* Assets.xcassets */ = {isa = PBXFileReference; lastKnownFileType = folder.assetcatalog; path = Assets.xcassets; sourceTree = "<group>"; };
		8DAB3F761BDEE40400B8BA98 /* Base */ = {isa = PBXFileReference; lastKnownFileType = file.storyboard; name = Base; path = Base.lproj/LaunchScreen.storyboard; sourceTree = "<group>"; };
		8DAB3F781BDEE40400B8BA98 /* Info.plist */ = {isa = PBXFileReference; lastKnownFileType = text.plist.xml; path = Info.plist; sourceTree = "<group>"; };
		8DAB3F7D1BDEE40400B8BA98 /* SwiftAppTests.xctest */ = {isa = PBXFileReference; explicitFileType = wrapper.cfbundle; includeInIndex = 0; path = SwiftAppTests.xctest; sourceTree = BUILT_PRODUCTS_DIR; };
		8DAB3F811BDEE40400B8BA98 /* SwiftAppTests.swift */ = {isa = PBXFileReference; lastKnownFileType = sourcecode.swift; path = SwiftAppTests.swift; sourceTree = "<group>"; };
		8DAB3F831BDEE40400B8BA98 /* Info.plist */ = {isa = PBXFileReference; lastKnownFileType = text.plist.xml; path = Info.plist; sourceTree = "<group>"; };
		E443DE1EBFD82206A2405059 /* Pods-SwiftApp.release.xcconfig */ = {isa = PBXFileReference; includeInIndex = 1; lastKnownFileType = text.xcconfig; name = "Pods-SwiftApp.release.xcconfig"; path = "Pods/Target Support Files/Pods-SwiftApp/Pods-SwiftApp.release.xcconfig"; sourceTree = "<group>"; };
		E759EEFAE9D33B6EE9E6F144 /* Pods-SwiftApp.debug.xcconfig */ = {isa = PBXFileReference; includeInIndex = 1; lastKnownFileType = text.xcconfig; name = "Pods-SwiftApp.debug.xcconfig"; path = "Pods/Target Support Files/Pods-SwiftApp/Pods-SwiftApp.debug.xcconfig"; sourceTree = "<group>"; };
/* End PBXFileReference section */

/* Begin PBXFrameworksBuildPhase section */
		8DAB3F661BDEE40400B8BA98 /* Frameworks */ = {
			isa = PBXFrameworksBuildPhase;
			buildActionMask = 2147483647;
			files = (
				63B4776A242F27696957AA53 /* Pods_SwiftApp.framework in Frameworks */,
			);
			runOnlyForDeploymentPostprocessing = 0;
		};
		8DAB3F7A1BDEE40400B8BA98 /* Frameworks */ = {
			isa = PBXFrameworksBuildPhase;
			buildActionMask = 2147483647;
			files = (
			);
			runOnlyForDeploymentPostprocessing = 0;
		};
/* End PBXFrameworksBuildPhase section */

/* Begin PBXGroup section */
		753EDE2088CE80683CD23341 /* Pods */ = {
			isa = PBXGroup;
			children = (
				E759EEFAE9D33B6EE9E6F144 /* Pods-SwiftApp.debug.xcconfig */,
				E443DE1EBFD82206A2405059 /* Pods-SwiftApp.release.xcconfig */,
			);
			name = Pods;
			sourceTree = "<group>";
		};
		8DAB3F601BDEE40400B8BA98 = {
			isa = PBXGroup;
			children = (
				8DAB3F6B1BDEE40400B8BA98 /* SwiftApp */,
				8DAB3F801BDEE40400B8BA98 /* SwiftAppTests */,
				8DAB3F6A1BDEE40400B8BA98 /* Products */,
				753EDE2088CE80683CD23341 /* Pods */,
				F9FD45A6F0BF43BA8C726C11 /* Frameworks */,
			);
			sourceTree = "<group>";
		};
		8DAB3F6A1BDEE40400B8BA98 /* Products */ = {
			isa = PBXGroup;
			children = (
				8DAB3F691BDEE40400B8BA98 /* SwiftApp.app */,
				8DAB3F7D1BDEE40400B8BA98 /* SwiftAppTests.xctest */,
			);
			name = Products;
			sourceTree = "<group>";
		};
		8DAB3F6B1BDEE40400B8BA98 /* SwiftApp */ = {
			isa = PBXGroup;
			children = (
				8DAB3F6C1BDEE40400B8BA98 /* AppDelegate.swift */,
				8DAB3F6E1BDEE40400B8BA98 /* ViewController.swift */,
				8DAB3F701BDEE40400B8BA98 /* Main.storyboard */,
				8DAB3F731BDEE40400B8BA98 /* Assets.xcassets */,
				8DAB3F751BDEE40400B8BA98 /* LaunchScreen.storyboard */,
				8DAB3F781BDEE40400B8BA98 /* Info.plist */,
				8D130FFC1BEABA1300F21F86 /* Settings.bundle */,
				8D8033951C7B9F43004CEB7A /* SwiftApp-Bridging-Header.h */,
			);
			path = SwiftApp;
			sourceTree = "<group>";
		};
		8DAB3F801BDEE40400B8BA98 /* SwiftAppTests */ = {
			isa = PBXGroup;
			children = (
				8DAB3F811BDEE40400B8BA98 /* SwiftAppTests.swift */,
				8DAB3F831BDEE40400B8BA98 /* Info.plist */,
			);
			path = SwiftAppTests;
			sourceTree = "<group>";
		};
		F9FD45A6F0BF43BA8C726C11 /* Frameworks */ = {
			isa = PBXGroup;
			children = (
				20798957B5CFD53520367134 /* Pods_SwiftApp.framework */,
			);
			name = Frameworks;
			sourceTree = "<group>";
		};
/* End PBXGroup section */

/* Begin PBXNativeTarget section */
		8DAB3F681BDEE40400B8BA98 /* SwiftApp */ = {
			isa = PBXNativeTarget;
			buildConfigurationList = 8DAB3F861BDEE40400B8BA98 /* Build configuration list for PBXNativeTarget "SwiftApp" */;
			buildPhases = (
				D41519A13B7A09EDAD90510C /* Check Pods Manifest.lock */,
				8DAB3F651BDEE40400B8BA98 /* Sources */,
				8DAB3F661BDEE40400B8BA98 /* Frameworks */,
				8DAB3F671BDEE40400B8BA98 /* Resources */,
				ED1A31891B2413785C43CF3C /* Embed Pods Frameworks */,
				0599868169ABE380F24A354B /* Copy Pods Resources */,
			);
			buildRules = (
			);
			dependencies = (
			);
			name = SwiftApp;
			productName = SwiftApp;
			productReference = 8DAB3F691BDEE40400B8BA98 /* SwiftApp.app */;
			productType = "com.apple.product-type.application";
		};
		8DAB3F7C1BDEE40400B8BA98 /* SwiftAppTests */ = {
			isa = PBXNativeTarget;
			buildConfigurationList = 8DAB3F891BDEE40400B8BA98 /* Build configuration list for PBXNativeTarget "SwiftAppTests" */;
			buildPhases = (
				8DAB3F791BDEE40400B8BA98 /* Sources */,
				8DAB3F7A1BDEE40400B8BA98 /* Frameworks */,
				8DAB3F7B1BDEE40400B8BA98 /* Resources */,
			);
			buildRules = (
			);
			dependencies = (
				8DAB3F7F1BDEE40400B8BA98 /* PBXTargetDependency */,
			);
			name = SwiftAppTests;
			productName = SwiftAppTests;
			productReference = 8DAB3F7D1BDEE40400B8BA98 /* SwiftAppTests.xctest */;
			productType = "com.apple.product-type.bundle.unit-test";
		};
/* End PBXNativeTarget section */

/* Begin PBXProject section */
		8DAB3F611BDEE40400B8BA98 /* Project object */ = {
			isa = PBXProject;
			attributes = {
				LastUpgradeCheck = 0700;
				ORGANIZATIONNAME = WePay;
				TargetAttributes = {
					8DAB3F681BDEE40400B8BA98 = {
						CreatedOnToolsVersion = 7.0.1;
					};
					8DAB3F7C1BDEE40400B8BA98 = {
						CreatedOnToolsVersion = 7.0.1;
						TestTargetID = 8DAB3F681BDEE40400B8BA98;
					};
				};
			};
			buildConfigurationList = 8DAB3F641BDEE40400B8BA98 /* Build configuration list for PBXProject "SwiftApp" */;
			compatibilityVersion = "Xcode 3.2";
			developmentRegion = English;
			hasScannedForEncodings = 0;
			knownRegions = (
				en,
				Base,
			);
			mainGroup = 8DAB3F601BDEE40400B8BA98;
			productRefGroup = 8DAB3F6A1BDEE40400B8BA98 /* Products */;
			projectDirPath = "";
			projectRoot = "";
			targets = (
				8DAB3F681BDEE40400B8BA98 /* SwiftApp */,
				8DAB3F7C1BDEE40400B8BA98 /* SwiftAppTests */,
			);
		};
/* End PBXProject section */

/* Begin PBXResourcesBuildPhase section */
		8DAB3F671BDEE40400B8BA98 /* Resources */ = {
			isa = PBXResourcesBuildPhase;
			buildActionMask = 2147483647;
			files = (
				8D130FFD1BEABA1300F21F86 /* Settings.bundle in Resources */,
				8DAB3F771BDEE40400B8BA98 /* LaunchScreen.storyboard in Resources */,
				8DAB3F741BDEE40400B8BA98 /* Assets.xcassets in Resources */,
				8DAB3F721BDEE40400B8BA98 /* Main.storyboard in Resources */,
			);
			runOnlyForDeploymentPostprocessing = 0;
		};
		8DAB3F7B1BDEE40400B8BA98 /* Resources */ = {
			isa = PBXResourcesBuildPhase;
			buildActionMask = 2147483647;
			files = (
			);
			runOnlyForDeploymentPostprocessing = 0;
		};
/* End PBXResourcesBuildPhase section */

/* Begin PBXShellScriptBuildPhase section */
		0599868169ABE380F24A354B /* Copy Pods Resources */ = {
			isa = PBXShellScriptBuildPhase;
			buildActionMask = 2147483647;
			files = (
			);
			inputPaths = (
			);
			name = "Copy Pods Resources";
			outputPaths = (
			);
			runOnlyForDeploymentPostprocessing = 0;
			shellPath = /bin/sh;
			shellScript = "\"${SRCROOT}/Pods/Target Support Files/Pods-SwiftApp/Pods-SwiftApp-resources.sh\"\n";
			showEnvVarsInLog = 0;
		};
		D41519A13B7A09EDAD90510C /* Check Pods Manifest.lock */ = {
			isa = PBXShellScriptBuildPhase;
			buildActionMask = 2147483647;
			files = (
			);
			inputPaths = (
			);
			name = "Check Pods Manifest.lock";
			outputPaths = (
			);
			runOnlyForDeploymentPostprocessing = 0;
			shellPath = /bin/sh;
			shellScript = "diff \"${PODS_ROOT}/../Podfile.lock\" \"${PODS_ROOT}/Manifest.lock\" > /dev/null\nif [[ $? != 0 ]] ; then\n    cat << EOM\nerror: The sandbox is not in sync with the Podfile.lock. Run 'pod install' or update your CocoaPods installation.\nEOM\n    exit 1\nfi\n";
			showEnvVarsInLog = 0;
		};
		ED1A31891B2413785C43CF3C /* Embed Pods Frameworks */ = {
			isa = PBXShellScriptBuildPhase;
			buildActionMask = 2147483647;
			files = (
			);
			inputPaths = (
			);
			name = "Embed Pods Frameworks";
			outputPaths = (
			);
			runOnlyForDeploymentPostprocessing = 0;
			shellPath = /bin/sh;
			shellScript = "\"${SRCROOT}/Pods/Target Support Files/Pods-SwiftApp/Pods-SwiftApp-frameworks.sh\"\n";
			showEnvVarsInLog = 0;
		};
/* End PBXShellScriptBuildPhase section */

/* Begin PBXSourcesBuildPhase section */
		8DAB3F651BDEE40400B8BA98 /* Sources */ = {
			isa = PBXSourcesBuildPhase;
			buildActionMask = 2147483647;
			files = (
				8DAB3F6F1BDEE40400B8BA98 /* ViewController.swift in Sources */,
				8DAB3F6D1BDEE40400B8BA98 /* AppDelegate.swift in Sources */,
			);
			runOnlyForDeploymentPostprocessing = 0;
		};
		8DAB3F791BDEE40400B8BA98 /* Sources */ = {
			isa = PBXSourcesBuildPhase;
			buildActionMask = 2147483647;
			files = (
				8DAB3F821BDEE40400B8BA98 /* SwiftAppTests.swift in Sources */,
			);
			runOnlyForDeploymentPostprocessing = 0;
		};
/* End PBXSourcesBuildPhase section */

/* Begin PBXTargetDependency section */
		8DAB3F7F1BDEE40400B8BA98 /* PBXTargetDependency */ = {
			isa = PBXTargetDependency;
			target = 8DAB3F681BDEE40400B8BA98 /* SwiftApp */;
			targetProxy = 8DAB3F7E1BDEE40400B8BA98 /* PBXContainerItemProxy */;
		};
/* End PBXTargetDependency section */

/* Begin PBXVariantGroup section */
		8DAB3F701BDEE40400B8BA98 /* Main.storyboard */ = {
			isa = PBXVariantGroup;
			children = (
				8DAB3F711BDEE40400B8BA98 /* Base */,
			);
			name = Main.storyboard;
			sourceTree = "<group>";
		};
		8DAB3F751BDEE40400B8BA98 /* LaunchScreen.storyboard */ = {
			isa = PBXVariantGroup;
			children = (
				8DAB3F761BDEE40400B8BA98 /* Base */,
			);
			name = LaunchScreen.storyboard;
			sourceTree = "<group>";
		};
/* End PBXVariantGroup section */

/* Begin XCBuildConfiguration section */
		8DAB3F841BDEE40400B8BA98 /* Debug */ = {
			isa = XCBuildConfiguration;
			buildSettings = {
				ALWAYS_SEARCH_USER_PATHS = NO;
				CLANG_CXX_LANGUAGE_STANDARD = "gnu++0x";
				CLANG_CXX_LIBRARY = "libc++";
				CLANG_ENABLE_MODULES = YES;
				CLANG_ENABLE_OBJC_ARC = YES;
				CLANG_WARN_BOOL_CONVERSION = YES;
				CLANG_WARN_CONSTANT_CONVERSION = YES;
				CLANG_WARN_DIRECT_OBJC_ISA_USAGE = YES_ERROR;
				CLANG_WARN_EMPTY_BODY = YES;
				CLANG_WARN_ENUM_CONVERSION = YES;
				CLANG_WARN_INT_CONVERSION = YES;
				CLANG_WARN_OBJC_ROOT_CLASS = YES_ERROR;
				CLANG_WARN_UNREACHABLE_CODE = YES;
				CLANG_WARN__DUPLICATE_METHOD_MATCH = YES;
				"CODE_SIGN_IDENTITY[sdk=iphoneos*]" = "iPhone Developer";
				COPY_PHASE_STRIP = NO;
				DEBUG_INFORMATION_FORMAT = dwarf;
				ENABLE_STRICT_OBJC_MSGSEND = YES;
				ENABLE_TESTABILITY = YES;
				GCC_C_LANGUAGE_STANDARD = gnu99;
				GCC_DYNAMIC_NO_PIC = NO;
				GCC_NO_COMMON_BLOCKS = YES;
				GCC_OPTIMIZATION_LEVEL = 0;
				GCC_PREPROCESSOR_DEFINITIONS = (
					"DEBUG=1",
					"$(inherited)",
				);
				GCC_WARN_64_TO_32_BIT_CONVERSION = YES;
				GCC_WARN_ABOUT_RETURN_TYPE = YES_ERROR;
				GCC_WARN_UNDECLARED_SELECTOR = YES;
				GCC_WARN_UNINITIALIZED_AUTOS = YES_AGGRESSIVE;
				GCC_WARN_UNUSED_FUNCTION = YES;
				GCC_WARN_UNUSED_VARIABLE = YES;
				IPHONEOS_DEPLOYMENT_TARGET = 9.0;
				MTL_ENABLE_DEBUG_INFO = YES;
				ONLY_ACTIVE_ARCH = YES;
				SDKROOT = iphoneos;
				SWIFT_OPTIMIZATION_LEVEL = "-Onone";
			};
			name = Debug;
		};
		8DAB3F851BDEE40400B8BA98 /* Release */ = {
			isa = XCBuildConfiguration;
			buildSettings = {
				ALWAYS_SEARCH_USER_PATHS = NO;
				CLANG_CXX_LANGUAGE_STANDARD = "gnu++0x";
				CLANG_CXX_LIBRARY = "libc++";
				CLANG_ENABLE_MODULES = YES;
				CLANG_ENABLE_OBJC_ARC = YES;
				CLANG_WARN_BOOL_CONVERSION = YES;
				CLANG_WARN_CONSTANT_CONVERSION = YES;
				CLANG_WARN_DIRECT_OBJC_ISA_USAGE = YES_ERROR;
				CLANG_WARN_EMPTY_BODY = YES;
				CLANG_WARN_ENUM_CONVERSION = YES;
				CLANG_WARN_INT_CONVERSION = YES;
				CLANG_WARN_OBJC_ROOT_CLASS = YES_ERROR;
				CLANG_WARN_UNREACHABLE_CODE = YES;
				CLANG_WARN__DUPLICATE_METHOD_MATCH = YES;
				"CODE_SIGN_IDENTITY[sdk=iphoneos*]" = "iPhone Developer";
				COPY_PHASE_STRIP = NO;
				DEBUG_INFORMATION_FORMAT = "dwarf-with-dsym";
				ENABLE_NS_ASSERTIONS = NO;
				ENABLE_STRICT_OBJC_MSGSEND = YES;
				GCC_C_LANGUAGE_STANDARD = gnu99;
				GCC_NO_COMMON_BLOCKS = YES;
				GCC_WARN_64_TO_32_BIT_CONVERSION = YES;
				GCC_WARN_ABOUT_RETURN_TYPE = YES_ERROR;
				GCC_WARN_UNDECLARED_SELECTOR = YES;
				GCC_WARN_UNINITIALIZED_AUTOS = YES_AGGRESSIVE;
				GCC_WARN_UNUSED_FUNCTION = YES;
				GCC_WARN_UNUSED_VARIABLE = YES;
				IPHONEOS_DEPLOYMENT_TARGET = 9.0;
				MTL_ENABLE_DEBUG_INFO = NO;
				SDKROOT = iphoneos;
				VALIDATE_PRODUCT = YES;
			};
			name = Release;
		};
		8DAB3F871BDEE40400B8BA98 /* Debug */ = {
			isa = XCBuildConfiguration;
			baseConfigurationReference = E759EEFAE9D33B6EE9E6F144 /* Pods-SwiftApp.debug.xcconfig */;
			buildSettings = {
				ASSETCATALOG_COMPILER_APPICON_NAME = AppIcon;
				CODE_SIGN_IDENTITY = "iPhone Developer";
				ENABLE_BITCODE = NO;
				FRAMEWORK_SEARCH_PATHS = (
					"$(inherited)",
					"$(PROJECT_DIR)/Pods/WePay",
				);
				INFOPLIST_FILE = SwiftApp/Info.plist;
				IPHONEOS_DEPLOYMENT_TARGET = 8.1;
				LD_RUNPATH_SEARCH_PATHS = "$(inherited) @executable_path/Frameworks";
				PRODUCT_BUNDLE_IDENTIFIER = WePay.SwiftApp;
				PRODUCT_NAME = "$(TARGET_NAME)";
				SWIFT_OBJC_BRIDGING_HEADER = "SwiftApp/SwiftApp-Bridging-Header.h";
				TARGETED_DEVICE_FAMILY = 1;
			};
			name = Debug;
		};
		8DAB3F881BDEE40400B8BA98 /* Release */ = {
			isa = XCBuildConfiguration;
			baseConfigurationReference = E443DE1EBFD82206A2405059 /* Pods-SwiftApp.release.xcconfig */;
			buildSettings = {
				ASSETCATALOG_COMPILER_APPICON_NAME = AppIcon;
				CODE_SIGN_IDENTITY = "iPhone Developer";
				ENABLE_BITCODE = NO;
				FRAMEWORK_SEARCH_PATHS = (
					"$(inherited)",
					"$(PROJECT_DIR)/Pods/WePay",
				);
				INFOPLIST_FILE = SwiftApp/Info.plist;
				IPHONEOS_DEPLOYMENT_TARGET = 8.1;
				LD_RUNPATH_SEARCH_PATHS = "$(inherited) @executable_path/Frameworks";
				PRODUCT_BUNDLE_IDENTIFIER = WePay.SwiftApp;
				PRODUCT_NAME = "$(TARGET_NAME)";
				SWIFT_OBJC_BRIDGING_HEADER = "SwiftApp/SwiftApp-Bridging-Header.h";
				TARGETED_DEVICE_FAMILY = 1;
			};
			name = Release;
		};
		8DAB3F8A1BDEE40400B8BA98 /* Debug */ = {
			isa = XCBuildConfiguration;
			buildSettings = {
				BUNDLE_LOADER = "$(TEST_HOST)";
				INFOPLIST_FILE = SwiftAppTests/Info.plist;
				LD_RUNPATH_SEARCH_PATHS = "$(inherited) @executable_path/Frameworks @loader_path/Frameworks";
				PRODUCT_BUNDLE_IDENTIFIER = WePay.SwiftAppTests;
				PRODUCT_NAME = "$(TARGET_NAME)";
				TEST_HOST = "$(BUILT_PRODUCTS_DIR)/SwiftApp.app/SwiftApp";
			};
			name = Debug;
		};
		8DAB3F8B1BDEE40400B8BA98 /* Release */ = {
			isa = XCBuildConfiguration;
			buildSettings = {
				BUNDLE_LOADER = "$(TEST_HOST)";
				INFOPLIST_FILE = SwiftAppTests/Info.plist;
				LD_RUNPATH_SEARCH_PATHS = "$(inherited) @executable_path/Frameworks @loader_path/Frameworks";
				PRODUCT_BUNDLE_IDENTIFIER = WePay.SwiftAppTests;
				PRODUCT_NAME = "$(TARGET_NAME)";
				TEST_HOST = "$(BUILT_PRODUCTS_DIR)/SwiftApp.app/SwiftApp";
			};
			name = Release;
		};
/* End XCBuildConfiguration section */

/* Begin XCConfigurationList section */
		8DAB3F641BDEE40400B8BA98 /* Build configuration list for PBXProject "SwiftApp" */ = {
			isa = XCConfigurationList;
			buildConfigurations = (
				8DAB3F841BDEE40400B8BA98 /* Debug */,
				8DAB3F851BDEE40400B8BA98 /* Release */,
			);
			defaultConfigurationIsVisible = 0;
			defaultConfigurationName = Release;
		};
		8DAB3F861BDEE40400B8BA98 /* Build configuration list for PBXNativeTarget "SwiftApp" */ = {
			isa = XCConfigurationList;
			buildConfigurations = (
				8DAB3F871BDEE40400B8BA98 /* Debug */,
				8DAB3F881BDEE40400B8BA98 /* Release */,
			);
			defaultConfigurationIsVisible = 0;
			defaultConfigurationName = Release;
		};
		8DAB3F891BDEE40400B8BA98 /* Build configuration list for PBXNativeTarget "SwiftAppTests" */ = {
			isa = XCConfigurationList;
			buildConfigurations = (
				8DAB3F8A1BDEE40400B8BA98 /* Debug */,
				8DAB3F8B1BDEE40400B8BA98 /* Release */,
			);
			defaultConfigurationIsVisible = 0;
			defaultConfigurationName = Release;
		};
/* End XCConfigurationList section */
	};
	rootObject = 8DAB3F611BDEE40400B8BA98 /* Project object */;
}
